# This file is generated by running "yarn install" inside your project.
# Manual changes might be lost - proceed with caution!

__metadata:
  version: 8
  cacheKey: 10c0

"@babel/runtime@npm:^7.23.6, @babel/runtime@npm:^7.5.5, @babel/runtime@npm:^7.8.7":
  version: 7.23.6
  resolution: "@babel/runtime@npm:7.23.6"
  dependencies:
    regenerator-runtime: "npm:^0.14.0"
  checksum: d886954e985ef8e421222f7a2848884d96a752e0020d3078b920dd104e672fdf23bcc6f51a44313a048796319f1ac9d09c2c88ec8cbb4e1f09174bcd3335b9ff
  languageName: node
  linkType: hard

"@emotion/cache@npm:^11.11.0":
  version: 11.11.0
  resolution: "@emotion/cache@npm:11.11.0"
  dependencies:
    "@emotion/memoize": "npm:^0.8.1"
    "@emotion/sheet": "npm:^1.2.2"
    "@emotion/utils": "npm:^1.2.1"
    "@emotion/weak-memoize": "npm:^0.3.1"
    stylis: "npm:4.2.0"
  checksum: a23ab5ab2fd08e904698106d58ad3536fed51cc1aa0ef228e95bb640eaf11f560dbd91a395477b0d84e1e3c20150263764b4558517cf6576a89d2d6cc5253688
  languageName: node
  linkType: hard

"@emotion/memoize@npm:^0.8.1":
  version: 0.8.1
  resolution: "@emotion/memoize@npm:0.8.1"
  checksum: dffed372fc3b9fa2ba411e76af22b6bb686fb0cb07694fdfaa6dd2baeb0d5e4968c1a7caa472bfcf06a5997d5e7c7d16b90e993f9a6ffae79a2c3dbdc76dfe78
  languageName: node
  linkType: hard

"@emotion/sheet@npm:^1.2.2":
  version: 1.2.2
  resolution: "@emotion/sheet@npm:1.2.2"
  checksum: 69827a1bfa43d7b188f1d8cea42163143a36312543fdade5257c459a2b3efd7ce386aac84ba152bc2517a4f7e54384c04800b26adb382bb284ac7e4ad40e584b
  languageName: node
  linkType: hard

"@emotion/utils@npm:^1.2.1":
  version: 1.2.1
  resolution: "@emotion/utils@npm:1.2.1"
  checksum: db43ca803361740c14dfb1cca1464d10d27f4c8b40d3e8864e6932ccf375d1450778ff4e4eadee03fb97f2aeb18de9fae98294905596a12ff7d4cd1910414d8d
  languageName: node
  linkType: hard

"@emotion/weak-memoize@npm:^0.3.1":
  version: 0.3.1
  resolution: "@emotion/weak-memoize@npm:0.3.1"
  checksum: ed514b3cb94bbacece4ac2450d98898066c0a0698bdeda256e312405ca53634cb83c75889b25cd8bbbe185c80f4c05a1f0a0091e1875460ba6be61d0334f0b8a
  languageName: node
  linkType: hard

"@esbuild/aix-ppc64@npm:0.19.10":
  version: 0.19.10
  resolution: "@esbuild/aix-ppc64@npm:0.19.10"
  conditions: os=aix & cpu=ppc64
  languageName: node
  linkType: hard

"@esbuild/android-arm64@npm:0.19.10":
  version: 0.19.10
  resolution: "@esbuild/android-arm64@npm:0.19.10"
  conditions: os=android & cpu=arm64
  languageName: node
  linkType: hard

"@esbuild/android-arm@npm:0.19.10":
  version: 0.19.10
  resolution: "@esbuild/android-arm@npm:0.19.10"
  conditions: os=android & cpu=arm
  languageName: node
  linkType: hard

"@esbuild/android-x64@npm:0.19.10":
  version: 0.19.10
  resolution: "@esbuild/android-x64@npm:0.19.10"
  conditions: os=android & cpu=x64
  languageName: node
  linkType: hard

"@esbuild/darwin-arm64@npm:0.19.10":
  version: 0.19.10
  resolution: "@esbuild/darwin-arm64@npm:0.19.10"
  conditions: os=darwin & cpu=arm64
  languageName: node
  linkType: hard

"@esbuild/darwin-x64@npm:0.19.10":
  version: 0.19.10
  resolution: "@esbuild/darwin-x64@npm:0.19.10"
  conditions: os=darwin & cpu=x64
  languageName: node
  linkType: hard

"@esbuild/freebsd-arm64@npm:0.19.10":
  version: 0.19.10
  resolution: "@esbuild/freebsd-arm64@npm:0.19.10"
  conditions: os=freebsd & cpu=arm64
  languageName: node
  linkType: hard

"@esbuild/freebsd-x64@npm:0.19.10":
  version: 0.19.10
  resolution: "@esbuild/freebsd-x64@npm:0.19.10"
  conditions: os=freebsd & cpu=x64
  languageName: node
  linkType: hard

"@esbuild/linux-arm64@npm:0.19.10":
  version: 0.19.10
  resolution: "@esbuild/linux-arm64@npm:0.19.10"
  conditions: os=linux & cpu=arm64
  languageName: node
  linkType: hard

"@esbuild/linux-arm@npm:0.19.10":
  version: 0.19.10
  resolution: "@esbuild/linux-arm@npm:0.19.10"
  conditions: os=linux & cpu=arm
  languageName: node
  linkType: hard

"@esbuild/linux-ia32@npm:0.19.10":
  version: 0.19.10
  resolution: "@esbuild/linux-ia32@npm:0.19.10"
  conditions: os=linux & cpu=ia32
  languageName: node
  linkType: hard

"@esbuild/linux-loong64@npm:0.19.10":
  version: 0.19.10
  resolution: "@esbuild/linux-loong64@npm:0.19.10"
  conditions: os=linux & cpu=loong64
  languageName: node
  linkType: hard

"@esbuild/linux-mips64el@npm:0.19.10":
  version: 0.19.10
  resolution: "@esbuild/linux-mips64el@npm:0.19.10"
  conditions: os=linux & cpu=mips64el
  languageName: node
  linkType: hard

"@esbuild/linux-ppc64@npm:0.19.10":
  version: 0.19.10
  resolution: "@esbuild/linux-ppc64@npm:0.19.10"
  conditions: os=linux & cpu=ppc64
  languageName: node
  linkType: hard

"@esbuild/linux-riscv64@npm:0.19.10":
  version: 0.19.10
  resolution: "@esbuild/linux-riscv64@npm:0.19.10"
  conditions: os=linux & cpu=riscv64
  languageName: node
  linkType: hard

"@esbuild/linux-s390x@npm:0.19.10":
  version: 0.19.10
  resolution: "@esbuild/linux-s390x@npm:0.19.10"
  conditions: os=linux & cpu=s390x
  languageName: node
  linkType: hard

"@esbuild/linux-x64@npm:0.19.10":
  version: 0.19.10
  resolution: "@esbuild/linux-x64@npm:0.19.10"
  conditions: os=linux & cpu=x64
  languageName: node
  linkType: hard

"@esbuild/netbsd-x64@npm:0.19.10":
  version: 0.19.10
  resolution: "@esbuild/netbsd-x64@npm:0.19.10"
  conditions: os=netbsd & cpu=x64
  languageName: node
  linkType: hard

"@esbuild/openbsd-x64@npm:0.19.10":
  version: 0.19.10
  resolution: "@esbuild/openbsd-x64@npm:0.19.10"
  conditions: os=openbsd & cpu=x64
  languageName: node
  linkType: hard

"@esbuild/sunos-x64@npm:0.19.10":
  version: 0.19.10
  resolution: "@esbuild/sunos-x64@npm:0.19.10"
  conditions: os=sunos & cpu=x64
  languageName: node
  linkType: hard

"@esbuild/win32-arm64@npm:0.19.10":
  version: 0.19.10
  resolution: "@esbuild/win32-arm64@npm:0.19.10"
  conditions: os=win32 & cpu=arm64
  languageName: node
  linkType: hard

"@esbuild/win32-ia32@npm:0.19.10":
  version: 0.19.10
  resolution: "@esbuild/win32-ia32@npm:0.19.10"
  conditions: os=win32 & cpu=ia32
  languageName: node
  linkType: hard

"@esbuild/win32-x64@npm:0.19.10":
  version: 0.19.10
  resolution: "@esbuild/win32-x64@npm:0.19.10"
  conditions: os=win32 & cpu=x64
  languageName: node
  linkType: hard

"@floating-ui/core@npm:^1.4.2":
  version: 1.5.2
  resolution: "@floating-ui/core@npm:1.5.2"
  dependencies:
    "@floating-ui/utils": "npm:^0.1.3"
  checksum: 595896efbd4d4298ef799e734784b924594f179c7b37d6019c7a0bd2f062558f172b4125540668e1242746d69cc8c03f191ba1a3ab2f22d9ad926076bdf21274
  languageName: node
  linkType: hard

"@floating-ui/dom@npm:^1.5.1":
  version: 1.5.3
  resolution: "@floating-ui/dom@npm:1.5.3"
  dependencies:
    "@floating-ui/core": "npm:^1.4.2"
    "@floating-ui/utils": "npm:^0.1.3"
  checksum: e5f30b911f939e40003851077bba441f269ae689bdc43c674bee43aa98fc6b7a5f59be432d27b7be599b1e4ab7b15c752875ea777a89cff01d157e593b78b25b
  languageName: node
  linkType: hard

"@floating-ui/react-dom@npm:^2.0.4":
  version: 2.0.4
  resolution: "@floating-ui/react-dom@npm:2.0.4"
  dependencies:
    "@floating-ui/dom": "npm:^1.5.1"
  peerDependencies:
    react: ">=16.8.0"
    react-dom: ">=16.8.0"
  checksum: 5d597a7939e484428452cee775884f6c14055783d811a1abedf03151eb8825ecf42a544553efecdc502f30ca2a6b3e6630485367c39473d259e74f5f1331bc0a
  languageName: node
  linkType: hard

"@floating-ui/utils@npm:^0.1.3":
  version: 0.1.6
  resolution: "@floating-ui/utils@npm:0.1.6"
  checksum: 0a089db0e0526b89e83cb0a773a903517db5c9067cd473febfd8fa91a3a2ccbc3a835234796c1bb528def21dbb67be50e28d9c473cb58a6d90679d7e549b9c0c
  languageName: node
  linkType: hard

"@mui/base@npm:5.0.0-beta.29":
  version: 5.0.0-beta.29
  resolution: "@mui/base@npm:5.0.0-beta.29"
  dependencies:
    "@babel/runtime": "npm:^7.23.6"
    "@floating-ui/react-dom": "npm:^2.0.4"
    "@mui/types": "npm:^7.2.11"
    "@mui/utils": "npm:^5.15.2"
    "@popperjs/core": "npm:^2.11.8"
    clsx: "npm:^2.0.0"
    prop-types: "npm:^15.8.1"
  peerDependencies:
    "@types/react": ^17.0.0 || ^18.0.0
    react: ^17.0.0 || ^18.0.0
    react-dom: ^17.0.0 || ^18.0.0
  peerDependenciesMeta:
    "@types/react":
      optional: true
  checksum: 683837bc355778fc6cf3ba96cbac735f83166b7b238bff727d9a47cb2e11bb059bb7a89be371bf565dfc54981843d45932d5f5a115905e77b0c0b20af9d20a2a
  languageName: node
  linkType: hard

"@mui/core-downloads-tracker@npm:^5.15.2":
  version: 5.15.2
  resolution: "@mui/core-downloads-tracker@npm:5.15.2"
  checksum: bee88bdc7568c6bc564be6489035e86e1d89a8bab6e607fb1145d0f450693289ea7a3f216e1e30136ae0125a80da7d4729b0533160b9e50190bdc9bb1aafed22
  languageName: node
  linkType: hard

"@mui/icons-material@npm:^5.15.2":
  version: 5.15.2
  resolution: "@mui/icons-material@npm:5.15.2"
  dependencies:
    "@babel/runtime": "npm:^7.23.6"
  peerDependencies:
    "@mui/material": ^5.0.0
    "@types/react": ^17.0.0 || ^18.0.0
    react: ^17.0.0 || ^18.0.0
  peerDependenciesMeta:
    "@types/react":
      optional: true
  checksum: dc3cc687faed7905822e388168f6e73f6597f37f58aeebca981f85dacbe513f82a97c7366d09fd9da9bd53a90e11739c12a4b4f9c2d96b64b816a5e0f039971e
  languageName: node
  linkType: hard

"@mui/material@npm:^5.15.2":
  version: 5.15.2
  resolution: "@mui/material@npm:5.15.2"
  dependencies:
    "@babel/runtime": "npm:^7.23.6"
    "@mui/base": "npm:5.0.0-beta.29"
    "@mui/core-downloads-tracker": "npm:^5.15.2"
    "@mui/system": "npm:^5.15.2"
    "@mui/types": "npm:^7.2.11"
    "@mui/utils": "npm:^5.15.2"
    "@types/react-transition-group": "npm:^4.4.10"
    clsx: "npm:^2.0.0"
    csstype: "npm:^3.1.2"
    prop-types: "npm:^15.8.1"
    react-is: "npm:^18.2.0"
    react-transition-group: "npm:^4.4.5"
  peerDependencies:
    "@emotion/react": ^11.5.0
    "@emotion/styled": ^11.3.0
    "@types/react": ^17.0.0 || ^18.0.0
    react: ^17.0.0 || ^18.0.0
    react-dom: ^17.0.0 || ^18.0.0
  peerDependenciesMeta:
    "@emotion/react":
      optional: true
    "@emotion/styled":
      optional: true
    "@types/react":
      optional: true
  checksum: c6ca6e4e25999b946d9d34052a67d9d29c2efec0da98e749c6f131f8f818d1c408f7dbc1a88a523c020cb6cf9b3ee00ec1ddafc2cc4a0f0a7b7a8b93bfd7c572
  languageName: node
  linkType: hard

"@mui/private-theming@npm:^5.15.2":
  version: 5.15.2
  resolution: "@mui/private-theming@npm:5.15.2"
  dependencies:
    "@babel/runtime": "npm:^7.23.6"
    "@mui/utils": "npm:^5.15.2"
    prop-types: "npm:^15.8.1"
  peerDependencies:
    "@types/react": ^17.0.0 || ^18.0.0
    react: ^17.0.0 || ^18.0.0
  peerDependenciesMeta:
    "@types/react":
      optional: true
  checksum: 1a507f5ba8d257af1d3e375d7eebaf1562127ea7995bc92249fdba386b835dfb70d14378c38b832e0a92fbf0a9ac3295483fd11f338916f97ec2ffabe09dacbf
  languageName: node
  linkType: hard

"@mui/styled-engine@npm:^5.15.2":
  version: 5.15.2
  resolution: "@mui/styled-engine@npm:5.15.2"
  dependencies:
    "@babel/runtime": "npm:^7.23.6"
    "@emotion/cache": "npm:^11.11.0"
    csstype: "npm:^3.1.2"
    prop-types: "npm:^15.8.1"
  peerDependencies:
    "@emotion/react": ^11.4.1
    "@emotion/styled": ^11.3.0
    react: ^17.0.0 || ^18.0.0
  peerDependenciesMeta:
    "@emotion/react":
      optional: true
    "@emotion/styled":
      optional: true
  checksum: 918580193afd32f35d60099bac67c67f00aa72c1bb76132bceebb6a9e4b8f46de080a598e0ea6677c900d9409afaa9ff91572e05482d3a4609b0e7faa39004e2
  languageName: node
  linkType: hard

"@mui/system@npm:^5.15.2":
  version: 5.15.2
  resolution: "@mui/system@npm:5.15.2"
  dependencies:
    "@babel/runtime": "npm:^7.23.6"
    "@mui/private-theming": "npm:^5.15.2"
    "@mui/styled-engine": "npm:^5.15.2"
    "@mui/types": "npm:^7.2.11"
    "@mui/utils": "npm:^5.15.2"
    clsx: "npm:^2.0.0"
    csstype: "npm:^3.1.2"
    prop-types: "npm:^15.8.1"
  peerDependencies:
    "@emotion/react": ^11.5.0
    "@emotion/styled": ^11.3.0
    "@types/react": ^17.0.0 || ^18.0.0
    react: ^17.0.0 || ^18.0.0
  peerDependenciesMeta:
    "@emotion/react":
      optional: true
    "@emotion/styled":
      optional: true
    "@types/react":
      optional: true
  checksum: b57b9080b942c0149f882aa64094491696ce8d2cfd537ed5b14dad76b17978b1435a3f357342f283ae4c3d2b5f214c2beda02942fb3eff77dc0eb2c786cd64a0
  languageName: node
  linkType: hard

"@mui/types@npm:^7.2.11":
  version: 7.2.11
  resolution: "@mui/types@npm:7.2.11"
  peerDependencies:
    "@types/react": ^17.0.0 || ^18.0.0
  peerDependenciesMeta:
    "@types/react":
      optional: true
  checksum: 5aecdd9b02ca4537d05ec1809a31e64a3330dc104509bc470ec8e38a00259d36faf2dadee828987b385dff46fbec6fe112ef3a5c0c1b78e60c56755af04d38fa
  languageName: node
  linkType: hard

"@mui/utils@npm:^5.15.2":
  version: 5.15.2
  resolution: "@mui/utils@npm:5.15.2"
  dependencies:
    "@babel/runtime": "npm:^7.23.6"
    "@types/prop-types": "npm:^15.7.11"
    prop-types: "npm:^15.8.1"
    react-is: "npm:^18.2.0"
  peerDependencies:
    "@types/react": ^17.0.0 || ^18.0.0
    react: ^17.0.0 || ^18.0.0
  peerDependenciesMeta:
    "@types/react":
      optional: true
  checksum: 4268b2685eb602024c0c21a43bc7b0fafa417a0b936750899988076d7cc582acc38568ddf65d50e76b02a136f7c69fa782ccd1d22d732fdac61d7f359eb7d369
  languageName: node
  linkType: hard

"@popperjs/core@npm:^2.11.8":
  version: 2.11.8
  resolution: "@popperjs/core@npm:2.11.8"
  checksum: 4681e682abc006d25eb380d0cf3efc7557043f53b6aea7a5057d0d1e7df849a00e281cd8ea79c902a35a414d7919621fc2ba293ecec05f413598e0b23d5a1e63
  languageName: node
  linkType: hard

"@types/prop-types@npm:*, @types/prop-types@npm:^15.7.11":
  version: 15.7.11
  resolution: "@types/prop-types@npm:15.7.11"
  checksum: e53423cf9d510515ef8b47ff42f4f1b65a7b7b37c8704e2dbfcb9a60defe0c0e1f3cb1acfdeb466bad44ca938d7c79bffdd51b48ffb659df2432169d0b27a132
  languageName: node
  linkType: hard

"@types/react-transition-group@npm:^4.4.10":
  version: 4.4.10
  resolution: "@types/react-transition-group@npm:4.4.10"
  dependencies:
    "@types/react": "npm:*"
  checksum: 3eb9bca143abc21eb781aa5cb1bded0c9335689d515bf0513fb8e63217b7a8122c6a323ecd5644a06938727e1f467ee061d8df1c93b68825a80ff1b47ab777a2
  languageName: node
  linkType: hard

"@types/react@npm:*, @types/react@npm:^18.2.45":
  version: 18.2.45
  resolution: "@types/react@npm:18.2.45"
  dependencies:
    "@types/prop-types": "npm:*"
    "@types/scheduler": "npm:*"
    csstype: "npm:^3.0.2"
  checksum: 4cc650c47ffb88baac29fb7a74e842e4af4a55f437086ef70250fdc75f0a5f2fcf8adc272d05ab2e00b1de6e14613296881271caee037dadf9130fdeb498c59e
  languageName: node
  linkType: hard

"@types/scheduler@npm:*":
  version: 0.16.8
  resolution: "@types/scheduler@npm:0.16.8"
  checksum: f86de504945b8fc41b1f391f847444d542e2e4067cf7e5d9bfeb5d2d2393d3203b1161bc0ef3b1e104d828dabfb60baf06e8d2c27e27ff7e8258e6e618d8c4ec
  languageName: node
  linkType: hard

"clsx@npm:^2.0.0":
  version: 2.0.0
  resolution: "clsx@npm:2.0.0"
  checksum: c09f43b3144a0b7826b6b11b6a111b2c7440831004eecc02d333533c5e58ef0aa5f2dce071d3b25fbb8c8ea97b45df96c74bcc1d51c8c2027eb981931107b0cd
  languageName: node
  linkType: hard

"csstype@npm:^3.0.2, csstype@npm:^3.1.2":
  version: 3.1.3
  resolution: "csstype@npm:3.1.3"
  checksum: 80c089d6f7e0c5b2bd83cf0539ab41474198579584fa10d86d0cafe0642202343cbc119e076a0b1aece191989477081415d66c9fefbf3c957fc2fc4b7009f248
  languageName: node
  linkType: hard

"dom-helpers@npm:^5.0.1":
  version: 5.2.1
  resolution: "dom-helpers@npm:5.2.1"
  dependencies:
    "@babel/runtime": "npm:^7.8.7"
    csstype: "npm:^3.0.2"
  checksum: f735074d66dd759b36b158fa26e9d00c9388ee0e8c9b16af941c38f014a37fc80782de83afefd621681b19ac0501034b4f1c4a3bff5caa1b8667f0212b5e124c
  languageName: node
  linkType: hard

"esbuild@npm:^0.19.10":
  version: 0.19.10
  resolution: "esbuild@npm:0.19.10"
  dependencies:
    "@esbuild/aix-ppc64": "npm:0.19.10"
    "@esbuild/android-arm": "npm:0.19.10"
    "@esbuild/android-arm64": "npm:0.19.10"
    "@esbuild/android-x64": "npm:0.19.10"
    "@esbuild/darwin-arm64": "npm:0.19.10"
    "@esbuild/darwin-x64": "npm:0.19.10"
    "@esbuild/freebsd-arm64": "npm:0.19.10"
    "@esbuild/freebsd-x64": "npm:0.19.10"
    "@esbuild/linux-arm": "npm:0.19.10"
    "@esbuild/linux-arm64": "npm:0.19.10"
    "@esbuild/linux-ia32": "npm:0.19.10"
    "@esbuild/linux-loong64": "npm:0.19.10"
    "@esbuild/linux-mips64el": "npm:0.19.10"
    "@esbuild/linux-ppc64": "npm:0.19.10"
    "@esbuild/linux-riscv64": "npm:0.19.10"
    "@esbuild/linux-s390x": "npm:0.19.10"
    "@esbuild/linux-x64": "npm:0.19.10"
    "@esbuild/netbsd-x64": "npm:0.19.10"
    "@esbuild/openbsd-x64": "npm:0.19.10"
    "@esbuild/sunos-x64": "npm:0.19.10"
    "@esbuild/win32-arm64": "npm:0.19.10"
    "@esbuild/win32-ia32": "npm:0.19.10"
    "@esbuild/win32-x64": "npm:0.19.10"
  dependenciesMeta:
    "@esbuild/aix-ppc64":
      optional: true
    "@esbuild/android-arm":
      optional: true
    "@esbuild/android-arm64":
      optional: true
    "@esbuild/android-x64":
      optional: true
    "@esbuild/darwin-arm64":
      optional: true
    "@esbuild/darwin-x64":
      optional: true
    "@esbuild/freebsd-arm64":
      optional: true
    "@esbuild/freebsd-x64":
      optional: true
    "@esbuild/linux-arm":
      optional: true
    "@esbuild/linux-arm64":
      optional: true
    "@esbuild/linux-ia32":
      optional: true
    "@esbuild/linux-loong64":
      optional: true
    "@esbuild/linux-mips64el":
      optional: true
    "@esbuild/linux-ppc64":
      optional: true
    "@esbuild/linux-riscv64":
      optional: true
    "@esbuild/linux-s390x":
      optional: true
    "@esbuild/linux-x64":
      optional: true
    "@esbuild/netbsd-x64":
      optional: true
    "@esbuild/openbsd-x64":
      optional: true
    "@esbuild/sunos-x64":
      optional: true
    "@esbuild/win32-arm64":
      optional: true
    "@esbuild/win32-ia32":
      optional: true
    "@esbuild/win32-x64":
      optional: true
  bin:
    esbuild: bin/esbuild
  checksum: e2d9012e664f4c02add4c002548fda1d06434d5bdecbf1471c89c1b361e7f88f62ebf1187fae6940e5c58d60c3dd5b4c4972bbf2df95c30270bfcc77543b463e
  languageName: node
  linkType: hard

"js-tokens@npm:^3.0.0 || ^4.0.0":
  version: 4.0.0
  resolution: "js-tokens@npm:4.0.0"
  checksum: e248708d377aa058eacf2037b07ded847790e6de892bbad3dac0abba2e759cb9f121b00099a65195616badcb6eca8d14d975cb3e89eb1cfda644756402c8aeed
  languageName: node
  linkType: hard

"loose-envify@npm:^1.1.0, loose-envify@npm:^1.4.0":
  version: 1.4.0
  resolution: "loose-envify@npm:1.4.0"
  dependencies:
    js-tokens: "npm:^3.0.0 || ^4.0.0"
  bin:
    loose-envify: cli.js
  checksum: 655d110220983c1a4b9c0c679a2e8016d4b67f6e9c7b5435ff5979ecdb20d0813f4dec0a08674fcbdd4846a3f07edbb50a36811fd37930b94aaa0d9daceb017e
  languageName: node
  linkType: hard

"lucle-plugins-frontend@workspace:.":
  version: 0.0.0-use.local
  resolution: "lucle-plugins-frontend@workspace:."
  dependencies:
    "@mui/icons-material": "npm:^5.15.2"
  languageName: unknown
  linkType: soft

"object-assign@npm:^4.1.1":
  version: 4.1.1
  resolution: "object-assign@npm:4.1.1"
  checksum: 1f4df9945120325d041ccf7b86f31e8bcc14e73d29171e37a7903050e96b81323784ec59f93f102ec635bcf6fa8034ba3ea0a8c7e69fa202b87ae3b6cec5a414
  languageName: node
  linkType: hard

"prop-types@npm:^15.6.2, prop-types@npm:^15.8.1":
  version: 15.8.1
  resolution: "prop-types@npm:15.8.1"
  dependencies:
    loose-envify: "npm:^1.4.0"
    object-assign: "npm:^4.1.1"
    react-is: "npm:^16.13.1"
  checksum: 59ece7ca2fb9838031d73a48d4becb9a7cc1ed10e610517c7d8f19a1e02fa47f7c27d557d8a5702bec3cfeccddc853579832b43f449e54635803f277b1c78077
  languageName: node
  linkType: hard

"react-is@npm:^16.13.1":
  version: 16.13.1
  resolution: "react-is@npm:16.13.1"
  checksum: 33977da7a5f1a287936a0c85639fec6ca74f4f15ef1e59a6bc20338fc73dc69555381e211f7a3529b8150a1f71e4225525b41b60b52965bda53ce7d47377ada1
  languageName: node
  linkType: hard

"react-is@npm:^18.2.0":
  version: 18.2.0
  resolution: "react-is@npm:18.2.0"
  checksum: 6eb5e4b28028c23e2bfcf73371e72cd4162e4ac7ab445ddae2afe24e347a37d6dc22fae6e1748632cd43c6d4f9b8f86dcf26bf9275e1874f436d129952528ae0
  languageName: node
  linkType: hard

"react-transition-group@npm:^4.4.5":
  version: 4.4.5
  resolution: "react-transition-group@npm:4.4.5"
  dependencies:
    "@babel/runtime": "npm:^7.5.5"
    dom-helpers: "npm:^5.0.1"
    loose-envify: "npm:^1.4.0"
    prop-types: "npm:^15.6.2"
  peerDependencies:
    react: ">=16.6.0"
    react-dom: ">=16.6.0"
  checksum: 2ba754ba748faefa15f87c96dfa700d5525054a0141de8c75763aae6734af0740e77e11261a1e8f4ffc08fd9ab78510122e05c21c2d79066c38bb6861a886c82
  languageName: node
  linkType: hard

"react@npm:^18.2.0":
  version: 18.2.0
  resolution: "react@npm:18.2.0"
  dependencies:
    loose-envify: "npm:^1.1.0"
  checksum: b562d9b569b0cb315e44b48099f7712283d93df36b19a39a67c254c6686479d3980b7f013dc931f4a5a3ae7645eae6386b4aa5eea933baa54ecd0f9acb0902b8
  languageName: node
  linkType: hard

"regenerator-runtime@npm:^0.14.0":
  version: 0.14.1
  resolution: "regenerator-runtime@npm:0.14.1"
  checksum: 1b16eb2c4bceb1665c89de70dcb64126a22bc8eb958feef3cd68fe11ac6d2a4899b5cd1b80b0774c7c03591dc57d16631a7f69d2daa2ec98100e2f29f7ec4cc4
  languageName: node
  linkType: hard

"static-files-webui@workspace:static-files/web":
  version: 0.0.0-use.local
  resolution: "static-files-webui@workspace:static-files/web"
  dependencies:
    "@mui/material": "npm:^5.15.2"
    "@types/react": "npm:^18.2.45"
    esbuild: "npm:^0.19.10"
    react: "npm:^18.2.0"
    typescript: "npm:^5.3.3"
  languageName: unknown
  linkType: soft

"stylis@npm:4.2.0":
  version: 4.2.0
  resolution: "stylis@npm:4.2.0"
  checksum: a7128ad5a8ed72652c6eba46bed4f416521bc9745a460ef5741edc725252cebf36ee45e33a8615a7057403c93df0866ab9ee955960792db210bb80abd5ac6543
  languageName: node
  linkType: hard

"typescript@npm:^5.3.3":
  version: 5.3.3
  resolution: "typescript@npm:5.3.3"
  bin:
    tsc: bin/tsc
    tsserver: bin/tsserver
  checksum: e33cef99d82573624fc0f854a2980322714986bc35b9cb4d1ce736ed182aeab78e2cb32b385efa493b2a976ef52c53e20d6c6918312353a91850e2b76f1ea44f
  languageName: node
  linkType: hard

"typescript@patch:typescript@npm%3A^5.3.3#optional!builtin<compat/typescript>":
  version: 5.3.3
  resolution: "typescript@patch:typescript@npm%3A5.3.3#optional!builtin<compat/typescript>::version=5.3.3&hash=e012d7"
  bin:
    tsc: bin/tsc
    tsserver: bin/tsserver
  checksum: 1d0a5f4ce496c42caa9a30e659c467c5686eae15d54b027ee7866744952547f1be1262f2d40de911618c242b510029d51d43ff605dba8fb740ec85ca2d3f9500
  languageName: node
  linkType: hard
