# This file is generated by running "yarn install" inside your project.
# Manual changes might be lost - proceed with caution!

__metadata:
  version: 6
  cacheKey: 8

"@babel/runtime@npm:^7.23.2, @babel/runtime@npm:^7.5.5, @babel/runtime@npm:^7.8.7":
  version: 7.23.2
  resolution: "@babel/runtime@npm:7.23.2"
  dependencies:
    regenerator-runtime: ^0.14.0
  checksum: 6c4df4839ec75ca10175f636d6362f91df8a3137f86b38f6cd3a4c90668a0fe8e9281d320958f4fbd43b394988958585a17c3aab2a4ea6bf7316b22916a371fb
  languageName: node
  linkType: hard

"@emotion/cache@npm:^11.11.0":
  version: 11.11.0
  resolution: "@emotion/cache@npm:11.11.0"
  dependencies:
    "@emotion/memoize": ^0.8.1
    "@emotion/sheet": ^1.2.2
    "@emotion/utils": ^1.2.1
    "@emotion/weak-memoize": ^0.3.1
    stylis: 4.2.0
  checksum: 8eb1dc22beaa20c21a2e04c284d5a2630a018a9d51fb190e52de348c8d27f4e8ca4bbab003d68b4f6cd9cc1c569ca747a997797e0f76d6c734a660dc29decf08
  languageName: node
  linkType: hard

"@emotion/memoize@npm:^0.8.1":
  version: 0.8.1
  resolution: "@emotion/memoize@npm:0.8.1"
  checksum: a19cc01a29fcc97514948eaab4dc34d8272e934466ed87c07f157887406bc318000c69ae6f813a9001c6a225364df04249842a50e692ef7a9873335fbcc141b0
  languageName: node
  linkType: hard

"@emotion/sheet@npm:^1.2.2":
  version: 1.2.2
  resolution: "@emotion/sheet@npm:1.2.2"
  checksum: d973273c9c15f1c291ca2269728bf044bd3e92a67bca87943fa9ec6c3cd2b034f9a6bfe95ef1b5d983351d128c75b547b43ff196a00a3875f7e1d269793cecfe
  languageName: node
  linkType: hard

"@emotion/utils@npm:^1.2.1":
  version: 1.2.1
  resolution: "@emotion/utils@npm:1.2.1"
  checksum: e0b44be0705b56b079c55faff93952150be69e79b660ae70ddd5b6e09fc40eb1319654315a9f34bb479d7f4ec94be6068c061abbb9e18b9778ae180ad5d97c73
  languageName: node
  linkType: hard

"@emotion/weak-memoize@npm:^0.3.1":
  version: 0.3.1
  resolution: "@emotion/weak-memoize@npm:0.3.1"
  checksum: b2be47caa24a8122622ea18cd2d650dbb4f8ad37b636dc41ed420c2e082f7f1e564ecdea68122b546df7f305b159bf5ab9ffee872abd0f052e687428459af594
  languageName: node
  linkType: hard

"@esbuild/android-arm64@npm:0.19.6":
  version: 0.19.6
  resolution: "@esbuild/android-arm64@npm:0.19.6"
  conditions: os=android & cpu=arm64
  languageName: node
  linkType: hard

"@esbuild/android-arm@npm:0.19.6":
  version: 0.19.6
  resolution: "@esbuild/android-arm@npm:0.19.6"
  conditions: os=android & cpu=arm
  languageName: node
  linkType: hard

"@esbuild/android-x64@npm:0.19.6":
  version: 0.19.6
  resolution: "@esbuild/android-x64@npm:0.19.6"
  conditions: os=android & cpu=x64
  languageName: node
  linkType: hard

"@esbuild/darwin-arm64@npm:0.19.6":
  version: 0.19.6
  resolution: "@esbuild/darwin-arm64@npm:0.19.6"
  conditions: os=darwin & cpu=arm64
  languageName: node
  linkType: hard

"@esbuild/darwin-x64@npm:0.19.6":
  version: 0.19.6
  resolution: "@esbuild/darwin-x64@npm:0.19.6"
  conditions: os=darwin & cpu=x64
  languageName: node
  linkType: hard

"@esbuild/freebsd-arm64@npm:0.19.6":
  version: 0.19.6
  resolution: "@esbuild/freebsd-arm64@npm:0.19.6"
  conditions: os=freebsd & cpu=arm64
  languageName: node
  linkType: hard

"@esbuild/freebsd-x64@npm:0.19.6":
  version: 0.19.6
  resolution: "@esbuild/freebsd-x64@npm:0.19.6"
  conditions: os=freebsd & cpu=x64
  languageName: node
  linkType: hard

"@esbuild/linux-arm64@npm:0.19.6":
  version: 0.19.6
  resolution: "@esbuild/linux-arm64@npm:0.19.6"
  conditions: os=linux & cpu=arm64
  languageName: node
  linkType: hard

"@esbuild/linux-arm@npm:0.19.6":
  version: 0.19.6
  resolution: "@esbuild/linux-arm@npm:0.19.6"
  conditions: os=linux & cpu=arm
  languageName: node
  linkType: hard

"@esbuild/linux-ia32@npm:0.19.6":
  version: 0.19.6
  resolution: "@esbuild/linux-ia32@npm:0.19.6"
  conditions: os=linux & cpu=ia32
  languageName: node
  linkType: hard

"@esbuild/linux-loong64@npm:0.19.6":
  version: 0.19.6
  resolution: "@esbuild/linux-loong64@npm:0.19.6"
  conditions: os=linux & cpu=loong64
  languageName: node
  linkType: hard

"@esbuild/linux-mips64el@npm:0.19.6":
  version: 0.19.6
  resolution: "@esbuild/linux-mips64el@npm:0.19.6"
  conditions: os=linux & cpu=mips64el
  languageName: node
  linkType: hard

"@esbuild/linux-ppc64@npm:0.19.6":
  version: 0.19.6
  resolution: "@esbuild/linux-ppc64@npm:0.19.6"
  conditions: os=linux & cpu=ppc64
  languageName: node
  linkType: hard

"@esbuild/linux-riscv64@npm:0.19.6":
  version: 0.19.6
  resolution: "@esbuild/linux-riscv64@npm:0.19.6"
  conditions: os=linux & cpu=riscv64
  languageName: node
  linkType: hard

"@esbuild/linux-s390x@npm:0.19.6":
  version: 0.19.6
  resolution: "@esbuild/linux-s390x@npm:0.19.6"
  conditions: os=linux & cpu=s390x
  languageName: node
  linkType: hard

"@esbuild/linux-x64@npm:0.19.6":
  version: 0.19.6
  resolution: "@esbuild/linux-x64@npm:0.19.6"
  conditions: os=linux & cpu=x64
  languageName: node
  linkType: hard

"@esbuild/netbsd-x64@npm:0.19.6":
  version: 0.19.6
  resolution: "@esbuild/netbsd-x64@npm:0.19.6"
  conditions: os=netbsd & cpu=x64
  languageName: node
  linkType: hard

"@esbuild/openbsd-x64@npm:0.19.6":
  version: 0.19.6
  resolution: "@esbuild/openbsd-x64@npm:0.19.6"
  conditions: os=openbsd & cpu=x64
  languageName: node
  linkType: hard

"@esbuild/sunos-x64@npm:0.19.6":
  version: 0.19.6
  resolution: "@esbuild/sunos-x64@npm:0.19.6"
  conditions: os=sunos & cpu=x64
  languageName: node
  linkType: hard

"@esbuild/win32-arm64@npm:0.19.6":
  version: 0.19.6
  resolution: "@esbuild/win32-arm64@npm:0.19.6"
  conditions: os=win32 & cpu=arm64
  languageName: node
  linkType: hard

"@esbuild/win32-ia32@npm:0.19.6":
  version: 0.19.6
  resolution: "@esbuild/win32-ia32@npm:0.19.6"
  conditions: os=win32 & cpu=ia32
  languageName: node
  linkType: hard

"@esbuild/win32-x64@npm:0.19.6":
  version: 0.19.6
  resolution: "@esbuild/win32-x64@npm:0.19.6"
  conditions: os=win32 & cpu=x64
  languageName: node
  linkType: hard

"@floating-ui/core@npm:^1.4.2":
  version: 1.5.0
  resolution: "@floating-ui/core@npm:1.5.0"
  dependencies:
    "@floating-ui/utils": ^0.1.3
  checksum: 54b4fe26b3c228746ac5589f97303abf158b80aa5f8b99027259decd68d1c2030c4c637648ebd33dfe78a4212699453bc2bd7537fd5a594d3bd3e63d362f666f
  languageName: node
  linkType: hard

"@floating-ui/dom@npm:^1.5.1":
  version: 1.5.3
  resolution: "@floating-ui/dom@npm:1.5.3"
  dependencies:
    "@floating-ui/core": ^1.4.2
    "@floating-ui/utils": ^0.1.3
  checksum: 00053742064aac70957f0bd5c1542caafb3bfe9716588bfe1d409fef72a67ed5e60450d08eb492a77f78c22ed1ce4f7955873cc72bf9f9caf2b0f43ae3561c21
  languageName: node
  linkType: hard

"@floating-ui/react-dom@npm:^2.0.4":
  version: 2.0.4
  resolution: "@floating-ui/react-dom@npm:2.0.4"
  dependencies:
    "@floating-ui/dom": ^1.5.1
  peerDependencies:
    react: ">=16.8.0"
    react-dom: ">=16.8.0"
  checksum: 91b2369e25f84888486e48c1656117468248906034ed482d411bb9ed1061b908dd32435b4ca3d0cd0ca6083291510a98ce74d76c671d5cc25b0c41e5fa824bae
  languageName: node
  linkType: hard

"@floating-ui/utils@npm:^0.1.3":
  version: 0.1.6
  resolution: "@floating-ui/utils@npm:0.1.6"
  checksum: b34d4b5470869727f52e312e08272edef985ba5a450a76de0917ba0a9c6f5df2bdbeb99448e2c60f39b177fb8981c772ff1831424e75123471a27ebd5b52c1eb
  languageName: node
  linkType: hard

"@mui/base@npm:5.0.0-beta.24":
  version: 5.0.0-beta.24
  resolution: "@mui/base@npm:5.0.0-beta.24"
  dependencies:
    "@babel/runtime": ^7.23.2
    "@floating-ui/react-dom": ^2.0.4
    "@mui/types": ^7.2.9
    "@mui/utils": ^5.14.18
    "@popperjs/core": ^2.11.8
    clsx: ^2.0.0
    prop-types: ^15.8.1
  peerDependencies:
    "@types/react": ^17.0.0 || ^18.0.0
    react: ^17.0.0 || ^18.0.0
    react-dom: ^17.0.0 || ^18.0.0
  peerDependenciesMeta:
    "@types/react":
      optional: true
  checksum: dbd6eb0af7cb89389b1dccd6a84d07128c41f60d297d8f1d484919950c9b45a5d8767042b622c74e311bce0368ee3f760afb34d80ad97af61f5b5650ae990c60
  languageName: node
  linkType: hard

"@mui/core-downloads-tracker@npm:^5.14.18":
  version: 5.14.18
  resolution: "@mui/core-downloads-tracker@npm:5.14.18"
  checksum: 3d367797282e4b93eacee997667d62bc4eeac979e9664724e9db8d632278d8629f2a141894cf53d706f1d2a9f19965bffe2858aa2bc9833722e674cd560b896e
  languageName: node
  linkType: hard

"@mui/icons-material@npm:^5.14.18":
  version: 5.14.18
  resolution: "@mui/icons-material@npm:5.14.18"
  dependencies:
    "@babel/runtime": ^7.23.2
  peerDependencies:
    "@mui/material": ^5.0.0
    "@types/react": ^17.0.0 || ^18.0.0
    react: ^17.0.0 || ^18.0.0
  peerDependenciesMeta:
    "@types/react":
      optional: true
  checksum: 719cd99f739a34fedf64bd718942611b12fb86a58a0401c58e2a90dad690e90e33f55cd973c3792c070449fcc44390e22f9319a9129712bc8b41fbfe4611dccc
  languageName: node
  linkType: hard

"@mui/material@npm:^5.14.18":
  version: 5.14.18
  resolution: "@mui/material@npm:5.14.18"
  dependencies:
    "@babel/runtime": ^7.23.2
    "@mui/base": 5.0.0-beta.24
    "@mui/core-downloads-tracker": ^5.14.18
    "@mui/system": ^5.14.18
    "@mui/types": ^7.2.9
    "@mui/utils": ^5.14.18
    "@types/react-transition-group": ^4.4.8
    clsx: ^2.0.0
    csstype: ^3.1.2
    prop-types: ^15.8.1
    react-is: ^18.2.0
    react-transition-group: ^4.4.5
  peerDependencies:
    "@emotion/react": ^11.5.0
    "@emotion/styled": ^11.3.0
    "@types/react": ^17.0.0 || ^18.0.0
    react: ^17.0.0 || ^18.0.0
    react-dom: ^17.0.0 || ^18.0.0
  peerDependenciesMeta:
    "@emotion/react":
      optional: true
    "@emotion/styled":
      optional: true
    "@types/react":
      optional: true
  checksum: 488322f09638a71bb5d4bb5c027dde69d5cf89bcfd433594e3b90fea9fefa302bc85b9d2bf386493bf68d360107b59c6d148f46a68477e7f472f4f2d14d698a3
  languageName: node
  linkType: hard

"@mui/private-theming@npm:^5.14.18":
  version: 5.14.18
  resolution: "@mui/private-theming@npm:5.14.18"
  dependencies:
    "@babel/runtime": ^7.23.2
    "@mui/utils": ^5.14.18
    prop-types: ^15.8.1
  peerDependencies:
    "@types/react": ^17.0.0 || ^18.0.0
    react: ^17.0.0 || ^18.0.0
  peerDependenciesMeta:
    "@types/react":
      optional: true
  checksum: e7ba8e945f589db16ed05d507b0821d2e07b3d760bf78c9f745a75d75b5a94d1e546278629de15b090de289a9244591bfa2c09bb9f9f8679fb4e1d8cec360833
  languageName: node
  linkType: hard

"@mui/styled-engine@npm:^5.14.18":
  version: 5.14.18
  resolution: "@mui/styled-engine@npm:5.14.18"
  dependencies:
    "@babel/runtime": ^7.23.2
    "@emotion/cache": ^11.11.0
    csstype: ^3.1.2
    prop-types: ^15.8.1
  peerDependencies:
    "@emotion/react": ^11.4.1
    "@emotion/styled": ^11.3.0
    react: ^17.0.0 || ^18.0.0
  peerDependenciesMeta:
    "@emotion/react":
      optional: true
    "@emotion/styled":
      optional: true
  checksum: 6eba307d95ef462f8b80aaa50ec1db7409d19cead985eba28e86aec066ad4bc70b0daa6d89158a7aae88ea43d614cace5f890cbebe0d8636573e894b7da9cae1
  languageName: node
  linkType: hard

"@mui/system@npm:^5.14.18":
  version: 5.14.18
  resolution: "@mui/system@npm:5.14.18"
  dependencies:
    "@babel/runtime": ^7.23.2
    "@mui/private-theming": ^5.14.18
    "@mui/styled-engine": ^5.14.18
    "@mui/types": ^7.2.9
    "@mui/utils": ^5.14.18
    clsx: ^2.0.0
    csstype: ^3.1.2
    prop-types: ^15.8.1
  peerDependencies:
    "@emotion/react": ^11.5.0
    "@emotion/styled": ^11.3.0
    "@types/react": ^17.0.0 || ^18.0.0
    react: ^17.0.0 || ^18.0.0
  peerDependenciesMeta:
    "@emotion/react":
      optional: true
    "@emotion/styled":
      optional: true
    "@types/react":
      optional: true
  checksum: 8f7c4f3555ee64467826e1a40cfdb34b5c02520fd9f27779b8e6aa97cb9bbd27d98386a194d2e4c44b148babe5f67e3a715f8a09c03a1d71f2f14ddf60045174
  languageName: node
  linkType: hard

"@mui/types@npm:^7.2.9":
  version: 7.2.9
  resolution: "@mui/types@npm:7.2.9"
  peerDependencies:
    "@types/react": ^17.0.0 || ^18.0.0
  peerDependenciesMeta:
    "@types/react":
      optional: true
  checksum: 4888a1cf9a1adbae1c2f53ba9f8a0cf23eb5e0954bca00b958c240c87b5287771cb5e99bedb61a2c04f5dcbdef13a5b1f238153e98d8959ba51c5470db2c4b32
  languageName: node
  linkType: hard

"@mui/utils@npm:^5.14.18":
  version: 5.14.18
  resolution: "@mui/utils@npm:5.14.18"
  dependencies:
    "@babel/runtime": ^7.23.2
    "@types/prop-types": ^15.7.10
    prop-types: ^15.8.1
    react-is: ^18.2.0
  peerDependencies:
    "@types/react": ^17.0.0 || ^18.0.0
    react: ^17.0.0 || ^18.0.0
  peerDependenciesMeta:
    "@types/react":
      optional: true
  checksum: f24badcb6b026b392b94919f65c7f3bea6cfb0f741c1b8ebd74b02bba9ffc61f72e35bdea887e47dfd97d37ff465863aa29c7c5cfd33fb83224f4ff2300432b3
  languageName: node
  linkType: hard

"@popperjs/core@npm:^2.11.8":
  version: 2.11.8
  resolution: "@popperjs/core@npm:2.11.8"
  checksum: e5c69fdebf52a4012f6a1f14817ca8e9599cb1be73dd1387e1785e2ed5e5f0862ff817f420a87c7fc532add1f88a12e25aeb010ffcbdc98eace3d55ce2139cf0
  languageName: node
  linkType: hard

"@types/prop-types@npm:*, @types/prop-types@npm:^15.7.10":
  version: 15.7.10
  resolution: "@types/prop-types@npm:15.7.10"
  checksum: 39ecc2d9e439ed16b32937a08d98b84ed4a70f53bcd52c8564c0cd7a36fe1004ca83a1fb94b13c1b7a5c048760f06445c3c6a91a6972c8eff652c0b50c9424b1
  languageName: node
  linkType: hard

"@types/react-transition-group@npm:^4.4.8":
  version: 4.4.9
  resolution: "@types/react-transition-group@npm:4.4.9"
  dependencies:
    "@types/react": "*"
  checksum: be9e256e53919a7cf3b4a075f6d01c0a2dd3a67911dd28276aa6158be4beade4ca5327cbf1f096c28b413e04989f069122319b02e5a09c280d903a0accea9ead
  languageName: node
  linkType: hard

"@types/react@npm:*, @types/react@npm:^18.2.37":
  version: 18.2.37
  resolution: "@types/react@npm:18.2.37"
  dependencies:
    "@types/prop-types": "*"
    "@types/scheduler": "*"
    csstype: ^3.0.2
  checksum: 2d2599f1a09e4f678509161fea8baeaf76d21deee460f4f3ccc1ca431ebe85f896d7d0b906127de17e97ed57240cec61955eb97d0b5d9cbf4e97fd6620b1acdb
  languageName: node
  linkType: hard

"@types/scheduler@npm:*":
  version: 0.16.6
  resolution: "@types/scheduler@npm:0.16.6"
  checksum: 4cec89727584a50c66a07c322469a4d9e64f5b0117691f36afd4ceae75741c0038a6e107c05e515511d5358b5897becbe065b6e4560664cb1b16f6754915043d
  languageName: node
  linkType: hard

"clsx@npm:^2.0.0":
  version: 2.0.0
  resolution: "clsx@npm:2.0.0"
  checksum: a2cfb2351b254611acf92faa0daf15220f4cd648bdf96ce369d729813b85336993871a4bf6978ddea2b81b5a130478339c20d9d0b5c6fc287e5147f0c059276e
  languageName: node
  linkType: hard

"csstype@npm:^3.0.2, csstype@npm:^3.1.2":
  version: 3.1.2
  resolution: "csstype@npm:3.1.2"
  checksum: e1a52e6c25c1314d6beef5168da704ab29c5186b877c07d822bd0806717d9a265e8493a2e35ca7e68d0f5d472d43fac1cdce70fd79fd0853dff81f3028d857b5
  languageName: node
  linkType: hard

"dom-helpers@npm:^5.0.1":
  version: 5.2.1
  resolution: "dom-helpers@npm:5.2.1"
  dependencies:
    "@babel/runtime": ^7.8.7
    csstype: ^3.0.2
  checksum: 863ba9e086f7093df3376b43e74ce4422571d404fc9828bf2c56140963d5edf0e56160f9b2f3bb61b282c07f8fc8134f023c98fd684bddcb12daf7b0f14d951c
  languageName: node
  linkType: hard

"esbuild@npm:^0.19.6":
  version: 0.19.6
  resolution: "esbuild@npm:0.19.6"
  dependencies:
    "@esbuild/android-arm": 0.19.6
    "@esbuild/android-arm64": 0.19.6
    "@esbuild/android-x64": 0.19.6
    "@esbuild/darwin-arm64": 0.19.6
    "@esbuild/darwin-x64": 0.19.6
    "@esbuild/freebsd-arm64": 0.19.6
    "@esbuild/freebsd-x64": 0.19.6
    "@esbuild/linux-arm": 0.19.6
    "@esbuild/linux-arm64": 0.19.6
    "@esbuild/linux-ia32": 0.19.6
    "@esbuild/linux-loong64": 0.19.6
    "@esbuild/linux-mips64el": 0.19.6
    "@esbuild/linux-ppc64": 0.19.6
    "@esbuild/linux-riscv64": 0.19.6
    "@esbuild/linux-s390x": 0.19.6
    "@esbuild/linux-x64": 0.19.6
    "@esbuild/netbsd-x64": 0.19.6
    "@esbuild/openbsd-x64": 0.19.6
    "@esbuild/sunos-x64": 0.19.6
    "@esbuild/win32-arm64": 0.19.6
    "@esbuild/win32-ia32": 0.19.6
    "@esbuild/win32-x64": 0.19.6
  dependenciesMeta:
    "@esbuild/android-arm":
      optional: true
    "@esbuild/android-arm64":
      optional: true
    "@esbuild/android-x64":
      optional: true
    "@esbuild/darwin-arm64":
      optional: true
    "@esbuild/darwin-x64":
      optional: true
    "@esbuild/freebsd-arm64":
      optional: true
    "@esbuild/freebsd-x64":
      optional: true
    "@esbuild/linux-arm":
      optional: true
    "@esbuild/linux-arm64":
      optional: true
    "@esbuild/linux-ia32":
      optional: true
    "@esbuild/linux-loong64":
      optional: true
    "@esbuild/linux-mips64el":
      optional: true
    "@esbuild/linux-ppc64":
      optional: true
    "@esbuild/linux-riscv64":
      optional: true
    "@esbuild/linux-s390x":
      optional: true
    "@esbuild/linux-x64":
      optional: true
    "@esbuild/netbsd-x64":
      optional: true
    "@esbuild/openbsd-x64":
      optional: true
    "@esbuild/sunos-x64":
      optional: true
    "@esbuild/win32-arm64":
      optional: true
    "@esbuild/win32-ia32":
      optional: true
    "@esbuild/win32-x64":
      optional: true
  bin:
    esbuild: bin/esbuild
  checksum: b5f6e19c9f3e5302ffea4ad0ba39e17f7eed09f342f04d5561cfa491a69334095655ac2a9166c29a80da14af35cfcaaaf7751f8b2bad870d49ccdb8817921f37
  languageName: node
  linkType: hard

"js-tokens@npm:^3.0.0 || ^4.0.0":
  version: 4.0.0
  resolution: "js-tokens@npm:4.0.0"
  checksum: 8a95213a5a77deb6cbe94d86340e8d9ace2b93bc367790b260101d2f36a2eaf4e4e22d9fa9cf459b38af3a32fb4190e638024cf82ec95ef708680e405ea7cc78
  languageName: node
  linkType: hard

"loose-envify@npm:^1.1.0, loose-envify@npm:^1.4.0":
  version: 1.4.0
  resolution: "loose-envify@npm:1.4.0"
  dependencies:
    js-tokens: ^3.0.0 || ^4.0.0
  bin:
    loose-envify: cli.js
  checksum: 6517e24e0cad87ec9888f500c5b5947032cdfe6ef65e1c1936a0c48a524b81e65542c9c3edc91c97d5bddc806ee2a985dbc79be89215d613b1de5db6d1cfe6f4
  languageName: node
  linkType: hard

"object-assign@npm:^4.1.1":
  version: 4.1.1
  resolution: "object-assign@npm:4.1.1"
  checksum: fcc6e4ea8c7fe48abfbb552578b1c53e0d194086e2e6bbbf59e0a536381a292f39943c6e9628af05b5528aa5e3318bb30d6b2e53cadaf5b8fe9e12c4b69af23f
  languageName: node
  linkType: hard

"prop-types@npm:^15.6.2, prop-types@npm:^15.8.1":
  version: 15.8.1
  resolution: "prop-types@npm:15.8.1"
  dependencies:
    loose-envify: ^1.4.0
    object-assign: ^4.1.1
    react-is: ^16.13.1
  checksum: c056d3f1c057cb7ff8344c645450e14f088a915d078dcda795041765047fa080d38e5d626560ccaac94a4e16e3aa15f3557c1a9a8d1174530955e992c675e459
  languageName: node
  linkType: hard

"react-is@npm:^16.13.1":
  version: 16.13.1
  resolution: "react-is@npm:16.13.1"
  checksum: f7a19ac3496de32ca9ae12aa030f00f14a3d45374f1ceca0af707c831b2a6098ef0d6bdae51bd437b0a306d7f01d4677fcc8de7c0d331eb47ad0f46130e53c5f
  languageName: node
  linkType: hard

"react-is@npm:^18.2.0":
  version: 18.2.0
  resolution: "react-is@npm:18.2.0"
  checksum: e72d0ba81b5922759e4aff17e0252bd29988f9642ed817f56b25a3e217e13eea8a7f2322af99a06edb779da12d5d636e9fda473d620df9a3da0df2a74141d53e
  languageName: node
  linkType: hard

"react-transition-group@npm:^4.4.5":
  version: 4.4.5
  resolution: "react-transition-group@npm:4.4.5"
  dependencies:
    "@babel/runtime": ^7.5.5
    dom-helpers: ^5.0.1
    loose-envify: ^1.4.0
    prop-types: ^15.6.2
  peerDependencies:
    react: ">=16.6.0"
    react-dom: ">=16.6.0"
  checksum: 75602840106aa9c6545149d6d7ae1502fb7b7abadcce70a6954c4b64a438ff1cd16fc77a0a1e5197cdd72da398f39eb929ea06f9005c45b132ed34e056ebdeb1
  languageName: node
  linkType: hard

"react@npm:^18.2.0":
  version: 18.2.0
  resolution: "react@npm:18.2.0"
  dependencies:
    loose-envify: ^1.1.0
  checksum: 88e38092da8839b830cda6feef2e8505dec8ace60579e46aa5490fc3dc9bba0bd50336507dc166f43e3afc1c42939c09fe33b25fae889d6f402721dcd78fca1b
  languageName: node
  linkType: hard

"regenerator-runtime@npm:^0.14.0":
  version: 0.14.0
  resolution: "regenerator-runtime@npm:0.14.0"
  checksum: 1c977ad82a82a4412e4f639d65d22be376d3ebdd30da2c003eeafdaaacd03fc00c2320f18120007ee700900979284fc78a9f00da7fb593f6e6eeebc673fba9a3
  languageName: node
  linkType: hard

"speedupdate@workspace:.":
  version: 0.0.0-use.local
  resolution: "speedupdate@workspace:."
  dependencies:
    "@mui/icons-material": ^5.14.18
    "@mui/material": ^5.14.18
    "@types/react": ^18.2.37
    esbuild: ^0.19.6
    react: ^18.2.0
    typescript: ^5.2.2
  languageName: unknown
  linkType: soft

"stylis@npm:4.2.0":
  version: 4.2.0
  resolution: "stylis@npm:4.2.0"
  checksum: 0eb6cc1b866dc17a6037d0a82ac7fa877eba6a757443e79e7c4f35bacedbf6421fadcab4363b39667b43355cbaaa570a3cde850f776498e5450f32ed2f9b7584
  languageName: node
  linkType: hard

"typescript@npm:^5.2.2":
  version: 5.2.2
  resolution: "typescript@npm:5.2.2"
  bin:
    tsc: bin/tsc
    tsserver: bin/tsserver
  checksum: 7912821dac4d962d315c36800fe387cdc0a6298dba7ec171b350b4a6e988b51d7b8f051317786db1094bd7431d526b648aba7da8236607febb26cf5b871d2d3c
  languageName: node
  linkType: hard

"typescript@patch:typescript@^5.2.2#~builtin<compat/typescript>":
  version: 5.2.2
  resolution: "typescript@patch:typescript@npm%3A5.2.2#~builtin<compat/typescript>::version=5.2.2&hash=14eedb"
  bin:
    tsc: bin/tsc
    tsserver: bin/tsserver
  checksum: 07106822b4305de3f22835cbba949a2b35451cad50888759b6818421290ff95d522b38ef7919e70fb381c5fe9c1c643d7dea22c8b31652a717ddbd57b7f4d554
  languageName: node
  linkType: hard
