# This file is generated by running "yarn install" inside your project.
# Manual changes might be lost - proceed with caution!

__metadata:
  version: 8
  cacheKey: 10

"@babel/code-frame@npm:^7.0.0":
  version: 7.23.5
  resolution: "@babel/code-frame@npm:7.23.5"
  dependencies:
    "@babel/highlight": "npm:^7.23.4"
    chalk: "npm:^2.4.2"
  checksum: 44e58529c9d93083288dc9e649c553c5ba997475a7b0758cc3ddc4d77b8a7d985dbe78cc39c9bbc61f26d50af6da1ddf0a3427eae8cc222a9370619b671ed8f5
  languageName: node
  linkType: hard

"@babel/helper-module-imports@npm:^7.16.7":
  version: 7.22.15
  resolution: "@babel/helper-module-imports@npm:7.22.15"
  dependencies:
    "@babel/types": "npm:^7.22.15"
  checksum: 5ecf9345a73b80c28677cfbe674b9f567bb0d079e37dcba9055e36cb337db24ae71992a58e1affa9d14a60d3c69907d30fe1f80aea105184501750a58d15c81c
  languageName: node
  linkType: hard

"@babel/helper-string-parser@npm:^7.23.4":
  version: 7.23.4
  resolution: "@babel/helper-string-parser@npm:7.23.4"
  checksum: c352082474a2ee1d2b812bd116a56b2e8b38065df9678a32a535f151ec6f58e54633cc778778374f10544b930703cca6ddf998803888a636afa27e2658068a9c
  languageName: node
  linkType: hard

"@babel/helper-validator-identifier@npm:^7.22.20":
  version: 7.22.20
  resolution: "@babel/helper-validator-identifier@npm:7.22.20"
  checksum: df882d2675101df2d507b95b195ca2f86a3ef28cb711c84f37e79ca23178e13b9f0d8b522774211f51e40168bf5142be4c1c9776a150cddb61a0d5bf3e95750b
  languageName: node
  linkType: hard

"@babel/highlight@npm:^7.23.4":
  version: 7.23.4
  resolution: "@babel/highlight@npm:7.23.4"
  dependencies:
    "@babel/helper-validator-identifier": "npm:^7.22.20"
    chalk: "npm:^2.4.2"
    js-tokens: "npm:^4.0.0"
  checksum: 62fef9b5bcea7131df4626d009029b1ae85332042f4648a4ce6e740c3fd23112603c740c45575caec62f260c96b11054d3be5987f4981a5479793579c3aac71f
  languageName: node
  linkType: hard

"@babel/runtime@npm:^7.12.5, @babel/runtime@npm:^7.18.3, @babel/runtime@npm:^7.23.6, @babel/runtime@npm:^7.4.4, @babel/runtime@npm:^7.5.5, @babel/runtime@npm:^7.8.7":
  version: 7.23.6
  resolution: "@babel/runtime@npm:7.23.6"
  dependencies:
    regenerator-runtime: "npm:^0.14.0"
  checksum: 4c4ab16f0361c59fb23956e4d0a29935f1f8a64aa8dd37876ce38355b6f4d8f0e54237aacb89c73b1532def60539ddde2d651523c8fa887b30b19a8cf0c465b0
  languageName: node
  linkType: hard

"@babel/types@npm:^7.22.15":
  version: 7.23.6
  resolution: "@babel/types@npm:7.23.6"
  dependencies:
    "@babel/helper-string-parser": "npm:^7.23.4"
    "@babel/helper-validator-identifier": "npm:^7.22.20"
    to-fast-properties: "npm:^2.0.0"
  checksum: 07e70bb94d30b0231396b5e9a7726e6d9227a0a62e0a6830c0bd3232f33b024092e3d5a7d1b096a65bbf2bb43a9ab4c721bf618e115bfbb87b454fa060f88cbf
  languageName: node
  linkType: hard

"@emotion/babel-plugin@npm:^11.11.0":
  version: 11.11.0
  resolution: "@emotion/babel-plugin@npm:11.11.0"
  dependencies:
    "@babel/helper-module-imports": "npm:^7.16.7"
    "@babel/runtime": "npm:^7.18.3"
    "@emotion/hash": "npm:^0.9.1"
    "@emotion/memoize": "npm:^0.8.1"
    "@emotion/serialize": "npm:^1.1.2"
    babel-plugin-macros: "npm:^3.1.0"
    convert-source-map: "npm:^1.5.0"
    escape-string-regexp: "npm:^4.0.0"
    find-root: "npm:^1.1.0"
    source-map: "npm:^0.5.7"
    stylis: "npm:4.2.0"
  checksum: 8de017666838fc06b1a961d7a49b4e6dc0c83dbb064ea33512bae056594f0811a87e3242ef90fa2aa49fc080fab1cc7af536e7aee9398eaca7a1fc020d2dd527
  languageName: node
  linkType: hard

"@emotion/cache@npm:^11.11.0":
  version: 11.11.0
  resolution: "@emotion/cache@npm:11.11.0"
  dependencies:
    "@emotion/memoize": "npm:^0.8.1"
    "@emotion/sheet": "npm:^1.2.2"
    "@emotion/utils": "npm:^1.2.1"
    "@emotion/weak-memoize": "npm:^0.3.1"
    stylis: "npm:4.2.0"
  checksum: ef29756247dafb87168b4ffb76ee60feb06b8a1016323ecb1d3ba8aed3f4300ca10049bedbfe83aa11e0d81e616c328002a9d50020ebb3af6e4f5337a785c1fe
  languageName: node
  linkType: hard

"@emotion/hash@npm:^0.9.1":
  version: 0.9.1
  resolution: "@emotion/hash@npm:0.9.1"
  checksum: 716e17e48bf9047bf9383982c071de49f2615310fb4e986738931776f5a823bc1f29c84501abe0d3df91a3803c80122d24e28b57351bca9e01356ebb33d89876
  languageName: node
  linkType: hard

"@emotion/is-prop-valid@npm:^1.2.1":
  version: 1.2.1
  resolution: "@emotion/is-prop-valid@npm:1.2.1"
  dependencies:
    "@emotion/memoize": "npm:^0.8.1"
  checksum: fe231c472d38b3bbe519bcc9a5585cd41c45604147f3a065e333caf0f695d668aa21bc4229e657c1b6ea7398e096899e6ad54662548c73f11f6ba594aebd76a1
  languageName: node
  linkType: hard

"@emotion/memoize@npm:^0.8.1":
  version: 0.8.1
  resolution: "@emotion/memoize@npm:0.8.1"
  checksum: a19cc01a29fcc97514948eaab4dc34d8272e934466ed87c07f157887406bc318000c69ae6f813a9001c6a225364df04249842a50e692ef7a9873335fbcc141b0
  languageName: node
  linkType: hard

"@emotion/react@npm:11.11.1":
  version: 11.11.1
  resolution: "@emotion/react@npm:11.11.1"
  dependencies:
    "@babel/runtime": "npm:^7.18.3"
    "@emotion/babel-plugin": "npm:^11.11.0"
    "@emotion/cache": "npm:^11.11.0"
    "@emotion/serialize": "npm:^1.1.2"
    "@emotion/use-insertion-effect-with-fallbacks": "npm:^1.0.1"
    "@emotion/utils": "npm:^1.2.1"
    "@emotion/weak-memoize": "npm:^0.3.1"
    hoist-non-react-statics: "npm:^3.3.1"
  peerDependencies:
    react: ">=16.8.0"
  peerDependenciesMeta:
    "@types/react":
      optional: true
  checksum: dfc140718d0a8051a74e51c379226d9de6b19f6a5dd595fb282ef72f4413695a2d012ba919f1e9eeff761c6659e6f7398da8e0e36eb7997a4fdf54cef88644ae
  languageName: node
  linkType: hard

"@emotion/serialize@npm:^1.1.2":
  version: 1.1.3
  resolution: "@emotion/serialize@npm:1.1.3"
  dependencies:
    "@emotion/hash": "npm:^0.9.1"
    "@emotion/memoize": "npm:^0.8.1"
    "@emotion/unitless": "npm:^0.8.1"
    "@emotion/utils": "npm:^1.2.1"
    csstype: "npm:^3.0.2"
  checksum: 48d88923663273ae70359bc1a1f30454136716cbe0ddd9664be08e257ce56acedab911f125b627627358e37c9f450bbac3ea09b534ef42f9f67325d47b1e2a7b
  languageName: node
  linkType: hard

"@emotion/sheet@npm:^1.2.2":
  version: 1.2.2
  resolution: "@emotion/sheet@npm:1.2.2"
  checksum: cc46b20ef7273dc28de889927ae1498f854be2890905745fcc3154fbbacaa54df1e28c3d89ff3339c2022782c78933f51955bb950d105d5a219576db1eadfb7a
  languageName: node
  linkType: hard

"@emotion/styled@npm:11.11.0":
  version: 11.11.0
  resolution: "@emotion/styled@npm:11.11.0"
  dependencies:
    "@babel/runtime": "npm:^7.18.3"
    "@emotion/babel-plugin": "npm:^11.11.0"
    "@emotion/is-prop-valid": "npm:^1.2.1"
    "@emotion/serialize": "npm:^1.1.2"
    "@emotion/use-insertion-effect-with-fallbacks": "npm:^1.0.1"
    "@emotion/utils": "npm:^1.2.1"
  peerDependencies:
    "@emotion/react": ^11.0.0-rc.0
    react: ">=16.8.0"
  peerDependenciesMeta:
    "@types/react":
      optional: true
  checksum: ac471a40645ee7bc950378ff9453028078bc2e45a6317f77636e4ed27f7ea61eb549b1efefdc5433640f73246ae5ee212e6c864085dc042b6541b2ffa0e21a49
  languageName: node
  linkType: hard

"@emotion/unitless@npm:^0.8.1":
  version: 0.8.1
  resolution: "@emotion/unitless@npm:0.8.1"
  checksum: 918f73c46ac0b7161e3c341cc07d651ce87e31ab1695e74b12adb7da6bb98dfbff8c69cf68a4e40d9eb3d820ca055dc1267aeb3007927ce88f98b885bf729b63
  languageName: node
  linkType: hard

"@emotion/use-insertion-effect-with-fallbacks@npm:^1.0.1":
  version: 1.0.1
  resolution: "@emotion/use-insertion-effect-with-fallbacks@npm:1.0.1"
  peerDependencies:
    react: ">=16.8.0"
  checksum: 7d7ead9ba3f615510f550aea67815281ec5a5487de55aafc250f820317afc1fd419bd9e9e27602a0206ec5c152f13dc6130bccad312c1036706c584c65d66ef7
  languageName: node
  linkType: hard

"@emotion/utils@npm:^1.2.1":
  version: 1.2.1
  resolution: "@emotion/utils@npm:1.2.1"
  checksum: 472fa529c64a13edff80aa11698092e8841c1ffb5001c739d84eb9d0fdd6d8e1cd1848669310578ccfa6383b8601132eca54f8749fca40af85d21fdfc9b776c4
  languageName: node
  linkType: hard

"@emotion/weak-memoize@npm:^0.3.1":
  version: 0.3.1
  resolution: "@emotion/weak-memoize@npm:0.3.1"
  checksum: b2be47caa24a8122622ea18cd2d650dbb4f8ad37b636dc41ed420c2e082f7f1e564ecdea68122b546df7f305b159bf5ab9ffee872abd0f052e687428459af594
  languageName: node
  linkType: hard

"@esbuild/aix-ppc64@npm:0.19.10":
  version: 0.19.10
  resolution: "@esbuild/aix-ppc64@npm:0.19.10"
  conditions: os=aix & cpu=ppc64
  languageName: node
  linkType: hard

"@esbuild/android-arm64@npm:0.19.10":
  version: 0.19.10
  resolution: "@esbuild/android-arm64@npm:0.19.10"
  conditions: os=android & cpu=arm64
  languageName: node
  linkType: hard

"@esbuild/android-arm@npm:0.19.10":
  version: 0.19.10
  resolution: "@esbuild/android-arm@npm:0.19.10"
  conditions: os=android & cpu=arm
  languageName: node
  linkType: hard

"@esbuild/android-x64@npm:0.19.10":
  version: 0.19.10
  resolution: "@esbuild/android-x64@npm:0.19.10"
  conditions: os=android & cpu=x64
  languageName: node
  linkType: hard

"@esbuild/darwin-arm64@npm:0.19.10":
  version: 0.19.10
  resolution: "@esbuild/darwin-arm64@npm:0.19.10"
  conditions: os=darwin & cpu=arm64
  languageName: node
  linkType: hard

"@esbuild/darwin-x64@npm:0.19.10":
  version: 0.19.10
  resolution: "@esbuild/darwin-x64@npm:0.19.10"
  conditions: os=darwin & cpu=x64
  languageName: node
  linkType: hard

"@esbuild/freebsd-arm64@npm:0.19.10":
  version: 0.19.10
  resolution: "@esbuild/freebsd-arm64@npm:0.19.10"
  conditions: os=freebsd & cpu=arm64
  languageName: node
  linkType: hard

"@esbuild/freebsd-x64@npm:0.19.10":
  version: 0.19.10
  resolution: "@esbuild/freebsd-x64@npm:0.19.10"
  conditions: os=freebsd & cpu=x64
  languageName: node
  linkType: hard

"@esbuild/linux-arm64@npm:0.19.10":
  version: 0.19.10
  resolution: "@esbuild/linux-arm64@npm:0.19.10"
  conditions: os=linux & cpu=arm64
  languageName: node
  linkType: hard

"@esbuild/linux-arm@npm:0.19.10":
  version: 0.19.10
  resolution: "@esbuild/linux-arm@npm:0.19.10"
  conditions: os=linux & cpu=arm
  languageName: node
  linkType: hard

"@esbuild/linux-ia32@npm:0.19.10":
  version: 0.19.10
  resolution: "@esbuild/linux-ia32@npm:0.19.10"
  conditions: os=linux & cpu=ia32
  languageName: node
  linkType: hard

"@esbuild/linux-loong64@npm:0.19.10":
  version: 0.19.10
  resolution: "@esbuild/linux-loong64@npm:0.19.10"
  conditions: os=linux & cpu=loong64
  languageName: node
  linkType: hard

"@esbuild/linux-mips64el@npm:0.19.10":
  version: 0.19.10
  resolution: "@esbuild/linux-mips64el@npm:0.19.10"
  conditions: os=linux & cpu=mips64el
  languageName: node
  linkType: hard

"@esbuild/linux-ppc64@npm:0.19.10":
  version: 0.19.10
  resolution: "@esbuild/linux-ppc64@npm:0.19.10"
  conditions: os=linux & cpu=ppc64
  languageName: node
  linkType: hard

"@esbuild/linux-riscv64@npm:0.19.10":
  version: 0.19.10
  resolution: "@esbuild/linux-riscv64@npm:0.19.10"
  conditions: os=linux & cpu=riscv64
  languageName: node
  linkType: hard

"@esbuild/linux-s390x@npm:0.19.10":
  version: 0.19.10
  resolution: "@esbuild/linux-s390x@npm:0.19.10"
  conditions: os=linux & cpu=s390x
  languageName: node
  linkType: hard

"@esbuild/linux-x64@npm:0.19.10":
  version: 0.19.10
  resolution: "@esbuild/linux-x64@npm:0.19.10"
  conditions: os=linux & cpu=x64
  languageName: node
  linkType: hard

"@esbuild/netbsd-x64@npm:0.19.10":
  version: 0.19.10
  resolution: "@esbuild/netbsd-x64@npm:0.19.10"
  conditions: os=netbsd & cpu=x64
  languageName: node
  linkType: hard

"@esbuild/openbsd-x64@npm:0.19.10":
  version: 0.19.10
  resolution: "@esbuild/openbsd-x64@npm:0.19.10"
  conditions: os=openbsd & cpu=x64
  languageName: node
  linkType: hard

"@esbuild/sunos-x64@npm:0.19.10":
  version: 0.19.10
  resolution: "@esbuild/sunos-x64@npm:0.19.10"
  conditions: os=sunos & cpu=x64
  languageName: node
  linkType: hard

"@esbuild/win32-arm64@npm:0.19.10":
  version: 0.19.10
  resolution: "@esbuild/win32-arm64@npm:0.19.10"
  conditions: os=win32 & cpu=arm64
  languageName: node
  linkType: hard

"@esbuild/win32-ia32@npm:0.19.10":
  version: 0.19.10
  resolution: "@esbuild/win32-ia32@npm:0.19.10"
  conditions: os=win32 & cpu=ia32
  languageName: node
  linkType: hard

"@esbuild/win32-x64@npm:0.19.10":
  version: 0.19.10
  resolution: "@esbuild/win32-x64@npm:0.19.10"
  conditions: os=win32 & cpu=x64
  languageName: node
  linkType: hard

"@floating-ui/core@npm:^1.4.2":
  version: 1.5.2
  resolution: "@floating-ui/core@npm:1.5.2"
  dependencies:
    "@floating-ui/utils": "npm:^0.1.3"
  checksum: a1102f8713f8971771fea11d2e0c0c3dbff421db302ca6b4a0b4b9f0f0b082c2baa9b71c9b0ee4b8708bf9d5b91f5e561e189b85b0336f562df6ed414dcdb296
  languageName: node
  linkType: hard

"@floating-ui/dom@npm:^1.5.1":
  version: 1.5.3
  resolution: "@floating-ui/dom@npm:1.5.3"
  dependencies:
    "@floating-ui/core": "npm:^1.4.2"
    "@floating-ui/utils": "npm:^0.1.3"
  checksum: d2d5ae7a0949c0ebf7fbf97a21612bf94dbd29cb6c847e00588b8e2a5575ade27c47cb19f5d230fc21a571d99aa0c714b301c9221d33921047408c0ed9d91a30
  languageName: node
  linkType: hard

"@floating-ui/react-dom@npm:^2.0.4":
  version: 2.0.4
  resolution: "@floating-ui/react-dom@npm:2.0.4"
  dependencies:
    "@floating-ui/dom": "npm:^1.5.1"
  peerDependencies:
    react: ">=16.8.0"
    react-dom: ">=16.8.0"
  checksum: 4240a718502c797fd2e174cd06dcd7321a6eda9c8966dbaf61864b9e16445e95649a59bfe7c19ee13f68c11f3693724d7970c7e618089a3d3915bd343639cfae
  languageName: node
  linkType: hard

"@floating-ui/utils@npm:^0.1.3":
  version: 0.1.6
  resolution: "@floating-ui/utils@npm:0.1.6"
  checksum: 450ec4ecc1dd8161b1904d4e1e9d95e653cc06f79af6c3b538b79efb10541d90bcc88646ab3cdffc5b92e00c4804ca727b025d153ad285f42dbbb39aec219ec9
  languageName: node
  linkType: hard

"@mui/base@npm:5.0.0-beta.29":
  version: 5.0.0-beta.29
  resolution: "@mui/base@npm:5.0.0-beta.29"
  dependencies:
    "@babel/runtime": "npm:^7.23.6"
    "@floating-ui/react-dom": "npm:^2.0.4"
    "@mui/types": "npm:^7.2.11"
    "@mui/utils": "npm:^5.15.2"
    "@popperjs/core": "npm:^2.11.8"
    clsx: "npm:^2.0.0"
    prop-types: "npm:^15.8.1"
  peerDependencies:
    "@types/react": ^17.0.0 || ^18.0.0
    react: ^17.0.0 || ^18.0.0
    react-dom: ^17.0.0 || ^18.0.0
  peerDependenciesMeta:
    "@types/react":
      optional: true
  checksum: a651464968af6ebb775c24d2b9badc735b1d595e526ff7f8181186e6eed0735b14af8324db22a8744039ad79ce6dbb7c62920bb92a57959a66cf8e72d68af9aa
  languageName: node
  linkType: hard

"@mui/core-downloads-tracker@npm:^5.15.2":
  version: 5.15.2
  resolution: "@mui/core-downloads-tracker@npm:5.15.2"
  checksum: 8c88ac73a1d87c8ce565f6295dcd084c643580848e8f59159402e9db89975263da06305a0e605d3744479e917c2d297319496534bca9df8338e203162f1e7c33
  languageName: node
  linkType: hard

"@mui/icons-material@npm:^5.14.18":
  version: 5.15.2
  resolution: "@mui/icons-material@npm:5.15.2"
  dependencies:
    "@babel/runtime": "npm:^7.23.6"
  peerDependencies:
    "@mui/material": ^5.0.0
    "@types/react": ^17.0.0 || ^18.0.0
    react: ^17.0.0 || ^18.0.0
  peerDependenciesMeta:
    "@types/react":
      optional: true
  checksum: 6dad9fa436889ab89217d428f38b1f7868eb5db0b8aa2b16086f6e81666763767a29db8897e76d078919df7349a149c6e16da1aea1b3ae48ca0b7ee1e0d9d458
  languageName: node
  linkType: hard

"@mui/material@npm:^5.14.18":
  version: 5.15.2
  resolution: "@mui/material@npm:5.15.2"
  dependencies:
    "@babel/runtime": "npm:^7.23.6"
    "@mui/base": "npm:5.0.0-beta.29"
    "@mui/core-downloads-tracker": "npm:^5.15.2"
    "@mui/system": "npm:^5.15.2"
    "@mui/types": "npm:^7.2.11"
    "@mui/utils": "npm:^5.15.2"
    "@types/react-transition-group": "npm:^4.4.10"
    clsx: "npm:^2.0.0"
    csstype: "npm:^3.1.2"
    prop-types: "npm:^15.8.1"
    react-is: "npm:^18.2.0"
    react-transition-group: "npm:^4.4.5"
  peerDependencies:
    "@emotion/react": ^11.5.0
    "@emotion/styled": ^11.3.0
    "@types/react": ^17.0.0 || ^18.0.0
    react: ^17.0.0 || ^18.0.0
    react-dom: ^17.0.0 || ^18.0.0
  peerDependenciesMeta:
    "@emotion/react":
      optional: true
    "@emotion/styled":
      optional: true
    "@types/react":
      optional: true
  checksum: 1ce902070022c40009e01208e95d0d61205ffdbcf4fadd16e6337acdfccfb1c66004525ffe277691c7f3fbdfcebb998f1544c054a31164d580cb040e8a7d2d80
  languageName: node
  linkType: hard

"@mui/private-theming@npm:^5.15.2":
  version: 5.15.2
  resolution: "@mui/private-theming@npm:5.15.2"
  dependencies:
    "@babel/runtime": "npm:^7.23.6"
    "@mui/utils": "npm:^5.15.2"
    prop-types: "npm:^15.8.1"
  peerDependencies:
    "@types/react": ^17.0.0 || ^18.0.0
    react: ^17.0.0 || ^18.0.0
  peerDependenciesMeta:
    "@types/react":
      optional: true
  checksum: 2b1665044fd77286068100bd5c67ba3a31320084b442788e1c0224359b6e8e3213505676fa1db451c970b2e432811b12cbcf2f882c9063d37497dbfcfcd8811e
  languageName: node
  linkType: hard

"@mui/styled-engine@npm:^5.15.2":
  version: 5.15.2
  resolution: "@mui/styled-engine@npm:5.15.2"
  dependencies:
    "@babel/runtime": "npm:^7.23.6"
    "@emotion/cache": "npm:^11.11.0"
    csstype: "npm:^3.1.2"
    prop-types: "npm:^15.8.1"
  peerDependencies:
    "@emotion/react": ^11.4.1
    "@emotion/styled": ^11.3.0
    react: ^17.0.0 || ^18.0.0
  peerDependenciesMeta:
    "@emotion/react":
      optional: true
    "@emotion/styled":
      optional: true
  checksum: c004a37f4343139896059a706e96175a0f8975cc8807bcea96c099a68a94cf24d7869e685b06511389c9a6e4412acac5ef07614659983a7782f203012b78315b
  languageName: node
  linkType: hard

"@mui/system@npm:^5.15.2":
  version: 5.15.2
  resolution: "@mui/system@npm:5.15.2"
  dependencies:
    "@babel/runtime": "npm:^7.23.6"
    "@mui/private-theming": "npm:^5.15.2"
    "@mui/styled-engine": "npm:^5.15.2"
    "@mui/types": "npm:^7.2.11"
    "@mui/utils": "npm:^5.15.2"
    clsx: "npm:^2.0.0"
    csstype: "npm:^3.1.2"
    prop-types: "npm:^15.8.1"
  peerDependencies:
    "@emotion/react": ^11.5.0
    "@emotion/styled": ^11.3.0
    "@types/react": ^17.0.0 || ^18.0.0
    react: ^17.0.0 || ^18.0.0
  peerDependenciesMeta:
    "@emotion/react":
      optional: true
    "@emotion/styled":
      optional: true
    "@types/react":
      optional: true
  checksum: 05335cc7856750a930e5eef4eaf3e935c1d6dd78add48e86d1d976736adea71c5f37f3c329fd0a8f5fd9d11e40775ab5a62192dc056d240cb365416ad4db5568
  languageName: node
  linkType: hard

"@mui/types@npm:^7.2.11":
  version: 7.2.11
  resolution: "@mui/types@npm:7.2.11"
  peerDependencies:
    "@types/react": ^17.0.0 || ^18.0.0
  peerDependenciesMeta:
    "@types/react":
      optional: true
  checksum: 57d47e455aeef066c38260ddededbb41b3a3830acc013a597e8434cb5291fc4fc85e76cf354c6d5ecee3894bb13c7723423b58e753485d7e6d06ca54f7d76cf7
  languageName: node
  linkType: hard

"@mui/utils@npm:^5.15.2":
  version: 5.15.2
  resolution: "@mui/utils@npm:5.15.2"
  dependencies:
    "@babel/runtime": "npm:^7.23.6"
    "@types/prop-types": "npm:^15.7.11"
    prop-types: "npm:^15.8.1"
    react-is: "npm:^18.2.0"
  peerDependencies:
    "@types/react": ^17.0.0 || ^18.0.0
    react: ^17.0.0 || ^18.0.0
  peerDependenciesMeta:
    "@types/react":
      optional: true
  checksum: 9ede26d8e2b456a5ecf088d4e2d6903613be57eae97fcd30a9f31ff2c35a0e4329c728bd20c94c6f3468038935c3101a040c2cfb7dd6ff7a490811af0675d90a
  languageName: node
  linkType: hard

"@popperjs/core@npm:^2.11.8":
  version: 2.11.8
  resolution: "@popperjs/core@npm:2.11.8"
  checksum: ddd16090cde777aaf102940f05d0274602079a95ad9805bd20bc55dcc7c3a2ba1b99dd5c73e5cc2753c3d31250ca52a67d58059459d7d27debb983a9f552936c
  languageName: node
  linkType: hard

"@types/parse-json@npm:^4.0.0":
  version: 4.0.2
  resolution: "@types/parse-json@npm:4.0.2"
  checksum: 5bf62eec37c332ad10059252fc0dab7e7da730764869c980b0714777ad3d065e490627be9f40fc52f238ffa3ac4199b19de4127196910576c2fe34dd47c7a470
  languageName: node
  linkType: hard

"@types/prop-types@npm:*, @types/prop-types@npm:^15, @types/prop-types@npm:^15.7.11":
  version: 15.7.11
  resolution: "@types/prop-types@npm:15.7.11"
  checksum: 7519ff11d06fbf6b275029fe03fff9ec377b4cb6e864cac34d87d7146c7f5a7560fd164bdc1d2dbe00b60c43713631251af1fd3d34d46c69cd354602bc0c7c54
  languageName: node
  linkType: hard

"@types/react-transition-group@npm:^4.4.10":
  version: 4.4.10
  resolution: "@types/react-transition-group@npm:4.4.10"
  dependencies:
    "@types/react": "npm:*"
  checksum: b429f3bd54d9aea6c0395943ce2dda6b76fb458e902365bd91fd99bf72064fb5d59e2b74e78d10f2871908501d350da63e230d81bda2b616c967cab8dc51bd16
  languageName: node
  linkType: hard

"@types/react@npm:*, @types/react@npm:^18.2.37":
  version: 18.2.45
  resolution: "@types/react@npm:18.2.45"
  dependencies:
    "@types/prop-types": "npm:*"
    "@types/scheduler": "npm:*"
    csstype: "npm:^3.0.2"
  checksum: bd27fd8a959fa776965997af89cb04e43e7868416850fdff421b5539f389efa35acae3d55915c9f32d7b00fb388550302bf8a7f06010abf9ad431e5bf58cb774
  languageName: node
  linkType: hard

"@types/scheduler@npm:*":
  version: 0.16.8
  resolution: "@types/scheduler@npm:0.16.8"
  checksum: 6c091b096daa490093bf30dd7947cd28e5b2cd612ec93448432b33f724b162587fed9309a0acc104d97b69b1d49a0f3fc755a62282054d62975d53d7fd13472d
  languageName: node
  linkType: hard

"ansi-styles@npm:^3.2.1":
  version: 3.2.1
  resolution: "ansi-styles@npm:3.2.1"
  dependencies:
    color-convert: "npm:^1.9.0"
  checksum: d85ade01c10e5dd77b6c89f34ed7531da5830d2cb5882c645f330079975b716438cd7ebb81d0d6e6b4f9c577f19ae41ab55f07f19786b02f9dfd9e0377395665
  languageName: node
  linkType: hard

"attr-accept@npm:^2.0.0":
  version: 2.2.2
  resolution: "attr-accept@npm:2.2.2"
  checksum: c867ed41ed749988ad2a6fc70eb2498b9c3c2d58aaad2a8d05422a383058f9d29e50c4bca363c5ee7433df738a7920cc95377bbce8678e817fb498299dd82010
  languageName: node
  linkType: hard

"babel-plugin-macros@npm:^3.1.0":
  version: 3.1.0
  resolution: "babel-plugin-macros@npm:3.1.0"
  dependencies:
    "@babel/runtime": "npm:^7.12.5"
    cosmiconfig: "npm:^7.0.0"
    resolve: "npm:^1.19.0"
  checksum: 30be6ca45e9a124c58ca00af9a0753e5410ec0b79a737714fc4722bbbeb693e55d9258f05c437145ef4a867c2d1603e06a1c292d66c243ce1227458c8ea2ca8c
  languageName: node
  linkType: hard

"callsites@npm:^3.0.0":
  version: 3.1.0
  resolution: "callsites@npm:3.1.0"
  checksum: 072d17b6abb459c2ba96598918b55868af677154bec7e73d222ef95a8fdb9bbf7dae96a8421085cdad8cd190d86653b5b6dc55a4484f2e5b2e27d5e0c3fc15b3
  languageName: node
  linkType: hard

"chalk@npm:^2.4.2":
  version: 2.4.2
  resolution: "chalk@npm:2.4.2"
  dependencies:
    ansi-styles: "npm:^3.2.1"
    escape-string-regexp: "npm:^1.0.5"
    supports-color: "npm:^5.3.0"
  checksum: 3d1d103433166f6bfe82ac75724951b33769675252d8417317363ef9d54699b7c3b2d46671b772b893a8e50c3ece70c4b933c73c01e81bc60ea4df9b55afa303
  languageName: node
  linkType: hard

"clsx@npm:^1.0.2":
  version: 1.2.1
  resolution: "clsx@npm:1.2.1"
  checksum: 5ded6f61f15f1fa0350e691ccec43a28b12fb8e64c8e94715f2a937bc3722d4c3ed41d6e945c971fc4dcc2a7213a43323beaf2e1c28654af63ba70c9968a8643
  languageName: node
  linkType: hard

"clsx@npm:^2.0.0":
  version: 2.0.0
  resolution: "clsx@npm:2.0.0"
  checksum: 943766d1b02fee3538c871e56638d87f973fbc2d6291ce221215ea436fdecb9be97ad323f411839c2d52c45640c449b1a53fbfe7e8b3d529b4e263308b630c9a
  languageName: node
  linkType: hard

"color-convert@npm:^1.9.0":
  version: 1.9.3
  resolution: "color-convert@npm:1.9.3"
  dependencies:
    color-name: "npm:1.1.3"
  checksum: ffa319025045f2973919d155f25e7c00d08836b6b33ea2d205418c59bd63a665d713c52d9737a9e0fe467fb194b40fbef1d849bae80d674568ee220a31ef3d10
  languageName: node
  linkType: hard

"color-name@npm:1.1.3":
  version: 1.1.3
  resolution: "color-name@npm:1.1.3"
  checksum: 09c5d3e33d2105850153b14466501f2bfb30324a2f76568a408763a3b7433b0e50e5b4ab1947868e65cb101bb7cb75029553f2c333b6d4b8138a73fcc133d69d
  languageName: node
  linkType: hard

"convert-source-map@npm:^1.5.0":
  version: 1.9.0
  resolution: "convert-source-map@npm:1.9.0"
  checksum: dc55a1f28ddd0e9485ef13565f8f756b342f9a46c4ae18b843fe3c30c675d058d6a4823eff86d472f187b176f0adf51ea7b69ea38be34be4a63cbbf91b0593c8
  languageName: node
  linkType: hard

"cosmiconfig@npm:^7.0.0":
  version: 7.1.0
  resolution: "cosmiconfig@npm:7.1.0"
  dependencies:
    "@types/parse-json": "npm:^4.0.0"
    import-fresh: "npm:^3.2.1"
    parse-json: "npm:^5.0.0"
    path-type: "npm:^4.0.0"
    yaml: "npm:^1.10.0"
  checksum: 03600bb3870c80ed151b7b706b99a1f6d78df8f4bdad9c95485072ea13358ef294b13dd99f9e7bf4cc0b43bcd3599d40df7e648750d21c2f6817ca2cd687e071
  languageName: node
  linkType: hard

"csstype@npm:^3.0.2, csstype@npm:^3.1.2":
  version: 3.1.3
  resolution: "csstype@npm:3.1.3"
  checksum: f593cce41ff5ade23f44e77521e3a1bcc2c64107041e1bf6c3c32adc5187d0d60983292fda326154d20b01079e24931aa5b08e4467cc488b60bb1e7f6d478ade
  languageName: node
  linkType: hard

"dom-helpers@npm:^5.0.1":
  version: 5.2.1
  resolution: "dom-helpers@npm:5.2.1"
  dependencies:
    "@babel/runtime": "npm:^7.8.7"
    csstype: "npm:^3.0.2"
  checksum: bed2341adf8864bf932b3289c24f35fdd99930af77df46688abf2d753ff291df49a15850c874d686d9be6ec4e1c6835673906e64dbd8b2839d227f117a11fd41
  languageName: node
  linkType: hard

"error-ex@npm:^1.3.1":
  version: 1.3.2
  resolution: "error-ex@npm:1.3.2"
  dependencies:
    is-arrayish: "npm:^0.2.1"
  checksum: d547740aa29c34e753fb6fed2c5de81802438529c12b3673bd37b6bb1fe49b9b7abdc3c11e6062fe625d8a296b3cf769a80f878865e25e685f787763eede3ffb
  languageName: node
  linkType: hard

"esbuild@npm:^0.19.6":
  version: 0.19.10
  resolution: "esbuild@npm:0.19.10"
  dependencies:
    "@esbuild/aix-ppc64": "npm:0.19.10"
    "@esbuild/android-arm": "npm:0.19.10"
    "@esbuild/android-arm64": "npm:0.19.10"
    "@esbuild/android-x64": "npm:0.19.10"
    "@esbuild/darwin-arm64": "npm:0.19.10"
    "@esbuild/darwin-x64": "npm:0.19.10"
    "@esbuild/freebsd-arm64": "npm:0.19.10"
    "@esbuild/freebsd-x64": "npm:0.19.10"
    "@esbuild/linux-arm": "npm:0.19.10"
    "@esbuild/linux-arm64": "npm:0.19.10"
    "@esbuild/linux-ia32": "npm:0.19.10"
    "@esbuild/linux-loong64": "npm:0.19.10"
    "@esbuild/linux-mips64el": "npm:0.19.10"
    "@esbuild/linux-ppc64": "npm:0.19.10"
    "@esbuild/linux-riscv64": "npm:0.19.10"
    "@esbuild/linux-s390x": "npm:0.19.10"
    "@esbuild/linux-x64": "npm:0.19.10"
    "@esbuild/netbsd-x64": "npm:0.19.10"
    "@esbuild/openbsd-x64": "npm:0.19.10"
    "@esbuild/sunos-x64": "npm:0.19.10"
    "@esbuild/win32-arm64": "npm:0.19.10"
    "@esbuild/win32-ia32": "npm:0.19.10"
    "@esbuild/win32-x64": "npm:0.19.10"
  dependenciesMeta:
    "@esbuild/aix-ppc64":
      optional: true
    "@esbuild/android-arm":
      optional: true
    "@esbuild/android-arm64":
      optional: true
    "@esbuild/android-x64":
      optional: true
    "@esbuild/darwin-arm64":
      optional: true
    "@esbuild/darwin-x64":
      optional: true
    "@esbuild/freebsd-arm64":
      optional: true
    "@esbuild/freebsd-x64":
      optional: true
    "@esbuild/linux-arm":
      optional: true
    "@esbuild/linux-arm64":
      optional: true
    "@esbuild/linux-ia32":
      optional: true
    "@esbuild/linux-loong64":
      optional: true
    "@esbuild/linux-mips64el":
      optional: true
    "@esbuild/linux-ppc64":
      optional: true
    "@esbuild/linux-riscv64":
      optional: true
    "@esbuild/linux-s390x":
      optional: true
    "@esbuild/linux-x64":
      optional: true
    "@esbuild/netbsd-x64":
      optional: true
    "@esbuild/openbsd-x64":
      optional: true
    "@esbuild/sunos-x64":
      optional: true
    "@esbuild/win32-arm64":
      optional: true
    "@esbuild/win32-ia32":
      optional: true
    "@esbuild/win32-x64":
      optional: true
  bin:
    esbuild: bin/esbuild
  checksum: 875a30e6dc9142273a24648eadfc33dcf9a74fe2823d013419d058db1597320692e92676dcc17ba3548348b0672eafaa04a3ca8ab3f9bfcbcbafeefefe3869f7
  languageName: node
  linkType: hard

"escape-string-regexp@npm:^1.0.5":
  version: 1.0.5
  resolution: "escape-string-regexp@npm:1.0.5"
  checksum: 6092fda75c63b110c706b6a9bfde8a612ad595b628f0bd2147eea1d3406723020810e591effc7db1da91d80a71a737a313567c5abb3813e8d9c71f4aa595b410
  languageName: node
  linkType: hard

"escape-string-regexp@npm:^4.0.0":
  version: 4.0.0
  resolution: "escape-string-regexp@npm:4.0.0"
  checksum: 98b48897d93060f2322108bf29db0feba7dd774be96cd069458d1453347b25ce8682ecc39859d4bca2203cc0ab19c237bcc71755eff49a0f8d90beadeeba5cc5
  languageName: node
  linkType: hard

"file-selector@npm:^0.1.12":
  version: 0.1.19
  resolution: "file-selector@npm:0.1.19"
  dependencies:
    tslib: "npm:^2.0.1"
  checksum: 02fa7a180ed063a790c05c086a139ffc03df16ffe62cf43ceb5c3682882ee1995fd82639aa5e609b601e43b6b20a4e5cc234a37f8850f58eba6acf72bcaba651
  languageName: node
  linkType: hard

"find-root@npm:^1.1.0":
  version: 1.1.0
  resolution: "find-root@npm:1.1.0"
  checksum: caa799c976a14925ba7f31ca1a226fe73d3aa270f4f1b623fcfeb1c6e263111db4beb807d8acd31bd4d48d44c343b93688a9288dfbccca27463c36a0301b0bb9
  languageName: node
  linkType: hard

"function-bind@npm:^1.1.2":
  version: 1.1.2
  resolution: "function-bind@npm:1.1.2"
  checksum: 185e20d20f10c8d661d59aac0f3b63b31132d492e1b11fcc2a93cb2c47257ebaee7407c38513efd2b35cafdf972d9beb2ea4593c1e0f3bf8f2744836928d7454
  languageName: node
  linkType: hard

"has-flag@npm:^3.0.0":
  version: 3.0.0
  resolution: "has-flag@npm:3.0.0"
  checksum: 4a15638b454bf086c8148979aae044dd6e39d63904cd452d970374fa6a87623423da485dfb814e7be882e05c096a7ccf1ebd48e7e7501d0208d8384ff4dea73b
  languageName: node
  linkType: hard

"hasown@npm:^2.0.0":
  version: 2.0.0
  resolution: "hasown@npm:2.0.0"
  dependencies:
    function-bind: "npm:^1.1.2"
  checksum: c330f8d93f9d23fe632c719d4db3d698ef7d7c367d51548b836069e06a90fa9151e868c8e67353cfe98d67865bf7354855db28fa36eb1b18fa5d4a3f4e7f1c90
  languageName: node
  linkType: hard

"hoist-non-react-statics@npm:^3.3.1":
  version: 3.3.2
  resolution: "hoist-non-react-statics@npm:3.3.2"
  dependencies:
    react-is: "npm:^16.7.0"
  checksum: 1acbe85f33e5a39f90c822ad4d28b24daeb60f71c545279431dc98c312cd28a54f8d64788e477fe21dc502b0e3cf58589ebe5c1ad22af27245370391c2d24ea6
  languageName: node
  linkType: hard

"import-fresh@npm:^3.2.1":
  version: 3.3.0
  resolution: "import-fresh@npm:3.3.0"
  dependencies:
    parent-module: "npm:^1.0.0"
    resolve-from: "npm:^4.0.0"
  checksum: 2cacfad06e652b1edc50be650f7ec3be08c5e5a6f6d12d035c440a42a8cc028e60a5b99ca08a77ab4d6b1346da7d971915828f33cdab730d3d42f08242d09baa
  languageName: node
  linkType: hard

"is-arrayish@npm:^0.2.1":
  version: 0.2.1
  resolution: "is-arrayish@npm:0.2.1"
  checksum: 73ced84fa35e59e2c57da2d01e12cd01479f381d7f122ce41dcbb713f09dbfc651315832cd2bf8accba7681a69e4d6f1e03941d94dd10040d415086360e7005e
  languageName: node
  linkType: hard

"is-core-module@npm:^2.13.0":
  version: 2.13.1
  resolution: "is-core-module@npm:2.13.1"
  dependencies:
    hasown: "npm:^2.0.0"
  checksum: d53bd0cc24b0a0351fb4b206ee3908f71b9bbf1c47e9c9e14e5f06d292af1663704d2abd7e67700d6487b2b7864e0d0f6f10a1edf1892864bdffcb197d1845a2
  languageName: node
  linkType: hard

"js-tokens@npm:^3.0.0 || ^4.0.0, js-tokens@npm:^4.0.0":
  version: 4.0.0
  resolution: "js-tokens@npm:4.0.0"
  checksum: af37d0d913fb56aec6dc0074c163cc71cd23c0b8aad5c2350747b6721d37ba118af35abdd8b33c47ec2800de07dedb16a527ca9c530ee004093e04958bd0cbf2
  languageName: node
  linkType: hard

"json-parse-even-better-errors@npm:^2.3.0":
  version: 2.3.1
  resolution: "json-parse-even-better-errors@npm:2.3.1"
  checksum: 5f3a99009ed5f2a5a67d06e2f298cc97bc86d462034173308156f15b43a6e850be8511dc204b9b94566305da2947f7d90289657237d210351a39059ff9d666cf
  languageName: node
  linkType: hard

"lines-and-columns@npm:^1.1.6":
  version: 1.2.4
  resolution: "lines-and-columns@npm:1.2.4"
  checksum: 0c37f9f7fa212b38912b7145e1cd16a5f3cd34d782441c3e6ca653485d326f58b3caccda66efce1c5812bde4961bbde3374fae4b0d11bf1226152337f3894aa5
  languageName: node
  linkType: hard

"loose-envify@npm:^1.1.0, loose-envify@npm:^1.4.0":
  version: 1.4.0
  resolution: "loose-envify@npm:1.4.0"
  dependencies:
    js-tokens: "npm:^3.0.0 || ^4.0.0"
  bin:
    loose-envify: cli.js
  checksum: 6517e24e0cad87ec9888f500c5b5947032cdfe6ef65e1c1936a0c48a524b81e65542c9c3edc91c97d5bddc806ee2a985dbc79be89215d613b1de5db6d1cfe6f4
  languageName: node
  linkType: hard

"mui-file-dropzone@npm:4.0.2":
  version: 4.0.2
  resolution: "mui-file-dropzone@npm:4.0.2"
  dependencies:
    "@babel/runtime": "npm:^7.4.4"
    clsx: "npm:^1.0.2"
    react-dropzone: "npm:^10.2.1"
  peerDependencies:
    "@mui/icons-material": ^5.0.0
    "@mui/material": ^5.0.0
    prop-types: ^15.7.2
    react: ">= 17.0"
    react-dom: ">= 17.0"
  checksum: f6b88f69563791674d9f5b5dd136ca34e44103e622fd14c748531b5b2ccac48f0dd60442cc94da36a1d327df9cbddc8941b572304fda30eef6b779e5f81f7fae
  languageName: node
  linkType: hard

"object-assign@npm:^4.1.1":
  version: 4.1.1
  resolution: "object-assign@npm:4.1.1"
  checksum: fcc6e4ea8c7fe48abfbb552578b1c53e0d194086e2e6bbbf59e0a536381a292f39943c6e9628af05b5528aa5e3318bb30d6b2e53cadaf5b8fe9e12c4b69af23f
  languageName: node
  linkType: hard

"parent-module@npm:^1.0.0":
  version: 1.0.1
  resolution: "parent-module@npm:1.0.1"
  dependencies:
    callsites: "npm:^3.0.0"
  checksum: 6ba8b255145cae9470cf5551eb74be2d22281587af787a2626683a6c20fbb464978784661478dd2a3f1dad74d1e802d403e1b03c1a31fab310259eec8ac560ff
  languageName: node
  linkType: hard

"parse-json@npm:^5.0.0":
  version: 5.2.0
  resolution: "parse-json@npm:5.2.0"
  dependencies:
    "@babel/code-frame": "npm:^7.0.0"
    error-ex: "npm:^1.3.1"
    json-parse-even-better-errors: "npm:^2.3.0"
    lines-and-columns: "npm:^1.1.6"
  checksum: 62085b17d64da57f40f6afc2ac1f4d95def18c4323577e1eced571db75d9ab59b297d1d10582920f84b15985cbfc6b6d450ccbf317644cfa176f3ed982ad87e2
  languageName: node
  linkType: hard

"path-parse@npm:^1.0.7":
  version: 1.0.7
  resolution: "path-parse@npm:1.0.7"
  checksum: 49abf3d81115642938a8700ec580da6e830dde670be21893c62f4e10bd7dd4c3742ddc603fe24f898cba7eb0c6bc1777f8d9ac14185d34540c6d4d80cd9cae8a
  languageName: node
  linkType: hard

"path-type@npm:^4.0.0":
  version: 4.0.0
  resolution: "path-type@npm:4.0.0"
  checksum: 5b1e2daa247062061325b8fdbfd1fb56dde0a448fb1455453276ea18c60685bdad23a445dc148cf87bc216be1573357509b7d4060494a6fd768c7efad833ee45
  languageName: node
  linkType: hard

"prop-types@npm:^15.6.2, prop-types@npm:^15.7.2, prop-types@npm:^15.8.1":
  version: 15.8.1
  resolution: "prop-types@npm:15.8.1"
  dependencies:
    loose-envify: "npm:^1.4.0"
    object-assign: "npm:^4.1.1"
    react-is: "npm:^16.13.1"
  checksum: 7d959caec002bc964c86cdc461ec93108b27337dabe6192fb97d69e16a0c799a03462713868b40749bfc1caf5f57ef80ac3e4ffad3effa636ee667582a75e2c0
  languageName: node
  linkType: hard

"react-dom@npm:^18.2.0":
  version: 18.2.0
  resolution: "react-dom@npm:18.2.0"
  dependencies:
    loose-envify: "npm:^1.1.0"
    scheduler: "npm:^0.23.0"
  peerDependencies:
    react: ^18.2.0
  checksum: ca5e7762ec8c17a472a3605b6f111895c9f87ac7d43a610ab7024f68cd833d08eda0625ce02ec7178cc1f3c957cf0b9273cdc17aa2cd02da87544331c43b1d21
  languageName: node
  linkType: hard

"react-dropzone@npm:^10.2.1":
  version: 10.2.2
  resolution: "react-dropzone@npm:10.2.2"
  dependencies:
    attr-accept: "npm:^2.0.0"
    file-selector: "npm:^0.1.12"
    prop-types: "npm:^15.7.2"
  peerDependencies:
    react: ">= 16.8"
  checksum: 58eb1f51348ba4ae1d48e91aee54d6a682c03539547f616706e45c8611a7bb880e59694f77ef319e3443e0f5f60bb1f66d04701dbf2fe75967135bd7fdccdce5
  languageName: node
  linkType: hard

"react-is@npm:^16.13.1, react-is@npm:^16.7.0":
  version: 16.13.1
  resolution: "react-is@npm:16.13.1"
  checksum: 5aa564a1cde7d391ac980bedee21202fc90bdea3b399952117f54fb71a932af1e5902020144fb354b4690b2414a0c7aafe798eb617b76a3d441d956db7726fdf
  languageName: node
  linkType: hard

"react-is@npm:^18.2.0":
  version: 18.2.0
  resolution: "react-is@npm:18.2.0"
  checksum: 200cd65bf2e0be7ba6055f647091b725a45dd2a6abef03bf2380ce701fd5edccee40b49b9d15edab7ac08a762bf83cb4081e31ec2673a5bfb549a36ba21570df
  languageName: node
  linkType: hard

"react-transition-group@npm:^4.4.5":
  version: 4.4.5
  resolution: "react-transition-group@npm:4.4.5"
  dependencies:
    "@babel/runtime": "npm:^7.5.5"
    dom-helpers: "npm:^5.0.1"
    loose-envify: "npm:^1.4.0"
    prop-types: "npm:^15.6.2"
  peerDependencies:
    react: ">=16.6.0"
    react-dom: ">=16.6.0"
  checksum: ca32d3fd2168c976c5d90a317f25d5f5cd723608b415fb3b9006f9d793c8965c619562d0884503a3e44e4b06efbca4fdd1520f30e58ca3e00a0890e637d55419
  languageName: node
  linkType: hard

"react@npm:^18.2.0":
  version: 18.2.0
  resolution: "react@npm:18.2.0"
  dependencies:
    loose-envify: "npm:^1.1.0"
  checksum: b9214a9bd79e99d08de55f8bef2b7fc8c39630be97c4e29d7be173d14a9a10670b5325e94485f74cd8bff4966ef3c78ee53c79a7b0b9b70cba20aa8973acc694
  languageName: node
  linkType: hard

"regenerator-runtime@npm:^0.14.0":
  version: 0.14.1
  resolution: "regenerator-runtime@npm:0.14.1"
  checksum: 5db3161abb311eef8c45bcf6565f4f378f785900ed3945acf740a9888c792f75b98ecb77f0775f3bf95502ff423529d23e94f41d80c8256e8fa05ed4b07cf471
  languageName: node
  linkType: hard

"resolve-from@npm:^4.0.0":
  version: 4.0.0
  resolution: "resolve-from@npm:4.0.0"
  checksum: 91eb76ce83621eea7bbdd9b55121a5c1c4a39e54a9ce04a9ad4517f102f8b5131c2cf07622c738a6683991bf54f2ce178f5a42803ecbd527ddc5105f362cc9e3
  languageName: node
  linkType: hard

"resolve@npm:^1.19.0":
  version: 1.22.8
  resolution: "resolve@npm:1.22.8"
  dependencies:
    is-core-module: "npm:^2.13.0"
    path-parse: "npm:^1.0.7"
    supports-preserve-symlinks-flag: "npm:^1.0.0"
  bin:
    resolve: bin/resolve
  checksum: c473506ee01eb45cbcfefb68652ae5759e092e6b0fb64547feadf9736a6394f258fbc6f88e00c5ca36d5477fbb65388b272432a3600fa223062e54333c156753
  languageName: node
  linkType: hard

"resolve@patch:resolve@npm%3A^1.19.0#optional!builtin<compat/resolve>":
  version: 1.22.8
  resolution: "resolve@patch:resolve@npm%3A1.22.8#optional!builtin<compat/resolve>::version=1.22.8&hash=c3c19d"
  dependencies:
    is-core-module: "npm:^2.13.0"
    path-parse: "npm:^1.0.7"
    supports-preserve-symlinks-flag: "npm:^1.0.0"
  bin:
    resolve: bin/resolve
  checksum: f345cd37f56a2c0275e3fe062517c650bb673815d885e7507566df589375d165bbbf4bdb6aa95600a9bc55f4744b81f452b5a63f95b9f10a72787dba3c90890a
  languageName: node
  linkType: hard

"scheduler@npm:^0.23.0":
  version: 0.23.0
  resolution: "scheduler@npm:0.23.0"
  dependencies:
    loose-envify: "npm:^1.1.0"
  checksum: 0c4557aa37bafca44ff21dc0ea7c92e2dbcb298bc62eae92b29a39b029134f02fb23917d6ebc8b1fa536b4184934314c20d8864d156a9f6357f3398aaf7bfda8
  languageName: node
  linkType: hard

"source-map@npm:^0.5.7":
  version: 0.5.7
  resolution: "source-map@npm:0.5.7"
  checksum: 9b4ac749ec5b5831cad1f8cc4c19c4298ebc7474b24a0acf293e2f040f03f8eeccb3d01f12aa0f90cf46d555c887e03912b83a042c627f419bda5152d89c5269
  languageName: node
  linkType: hard

"speedupdate@workspace:.":
  version: 0.0.0-use.local
  resolution: "speedupdate@workspace:."
  dependencies:
    "@emotion/react": "npm:11.11.1"
    "@emotion/styled": "npm:11.11.0"
    "@mui/icons-material": "npm:^5.14.18"
    "@mui/material": "npm:^5.14.18"
    "@types/prop-types": "npm:^15"
    "@types/react": "npm:^18.2.37"
    esbuild: "npm:^0.19.6"
    mui-file-dropzone: "npm:4.0.2"
    prop-types: "npm:^15.8.1"
    react: "npm:^18.2.0"
    react-dom: "npm:^18.2.0"
    tslib: "npm:^2.6.2"
    typescript: "npm:^5.2.2"
  languageName: unknown
  linkType: soft

"stylis@npm:4.2.0":
  version: 4.2.0
  resolution: "stylis@npm:4.2.0"
  checksum: 58359185275ef1f39c339ae94e598168aa6bb789f6cf0d52e726c1e7087a94e9c17f0385a28d34483dec1ffc2c75670ec714dc5603d99c3124ec83bc2b0a0f42
  languageName: node
  linkType: hard

"supports-color@npm:^5.3.0":
  version: 5.5.0
  resolution: "supports-color@npm:5.5.0"
  dependencies:
    has-flag: "npm:^3.0.0"
  checksum: 5f505c6fa3c6e05873b43af096ddeb22159831597649881aeb8572d6fe3b81e798cc10840d0c9735e0026b250368851b7f77b65e84f4e4daa820a4f69947f55b
  languageName: node
  linkType: hard

"supports-preserve-symlinks-flag@npm:^1.0.0":
  version: 1.0.0
  resolution: "supports-preserve-symlinks-flag@npm:1.0.0"
  checksum: a9dc19ae2220c952bd2231d08ddeecb1b0328b61e72071ff4000c8384e145cc07c1c0bdb3b5a1cb06e186a7b2790f1dee793418b332f6ddf320de25d9125be7e
  languageName: node
  linkType: hard

"to-fast-properties@npm:^2.0.0":
  version: 2.0.0
  resolution: "to-fast-properties@npm:2.0.0"
  checksum: be2de62fe58ead94e3e592680052683b1ec986c72d589e7b21e5697f8744cdbf48c266fa72f6c15932894c10187b5f54573a3bcf7da0bfd964d5caf23d436168
  languageName: node
  linkType: hard

"tslib@npm:^2.0.1, tslib@npm:^2.6.2":
  version: 2.6.2
  resolution: "tslib@npm:2.6.2"
  checksum: bd26c22d36736513980091a1e356378e8b662ded04204453d353a7f34a4c21ed0afc59b5f90719d4ba756e581a162ecbf93118dc9c6be5acf70aa309188166ca
  languageName: node
  linkType: hard

"typescript@npm:^5.2.2":
  version: 5.3.3
  resolution: "typescript@npm:5.3.3"
  bin:
    tsc: bin/tsc
    tsserver: bin/tsserver
  checksum: 6e4e6a14a50c222b3d14d4ea2f729e79f972fa536ac1522b91202a9a65af3605c2928c4a790a4a50aa13694d461c479ba92cedaeb1e7b190aadaa4e4b96b8e18
  languageName: node
  linkType: hard

"typescript@patch:typescript@npm%3A^5.2.2#optional!builtin<compat/typescript>":
  version: 5.3.3
  resolution: "typescript@patch:typescript@npm%3A5.3.3#optional!builtin<compat/typescript>::version=5.3.3&hash=e012d7"
  bin:
    tsc: bin/tsc
    tsserver: bin/tsserver
  checksum: c93786fcc9a70718ba1e3819bab56064ead5817004d1b8186f8ca66165f3a2d0100fee91fa64c840dcd45f994ca5d615d8e1f566d39a7470fc1e014dbb4cf15d
  languageName: node
  linkType: hard

"yaml@npm:^1.10.0":
  version: 1.10.2
  resolution: "yaml@npm:1.10.2"
  checksum: e088b37b4d4885b70b50c9fa1b7e54bd2e27f5c87205f9deaffd1fb293ab263d9c964feadb9817a7b129a5bf30a06582cb08750f810568ecc14f3cdbabb79cb3
  languageName: node
  linkType: hard
