# This file is generated by running "yarn install" inside your project.
# Manual changes might be lost - proceed with caution!

__metadata:
  version: 8
  cacheKey: 10

"@babel/runtime@npm:^7.23.2, @babel/runtime@npm:^7.5.5, @babel/runtime@npm:^7.8.7":
  version: 7.23.2
  resolution: "@babel/runtime@npm:7.23.2"
  dependencies:
    regenerator-runtime: "npm:^0.14.0"
  checksum: abdcbdd590c7e31762e1bdab94dd466823c8bcedd3ff2fde85eeb94dac7cccaef151ac37c428bda7018ededd27c9a82b4dfeb621f978ad934232475a902f8e3a
  languageName: node
  linkType: hard

"@emotion/cache@npm:^11.11.0":
  version: 11.11.0
  resolution: "@emotion/cache@npm:11.11.0"
  dependencies:
    "@emotion/memoize": "npm:^0.8.1"
    "@emotion/sheet": "npm:^1.2.2"
    "@emotion/utils": "npm:^1.2.1"
    "@emotion/weak-memoize": "npm:^0.3.1"
    stylis: "npm:4.2.0"
  checksum: ef29756247dafb87168b4ffb76ee60feb06b8a1016323ecb1d3ba8aed3f4300ca10049bedbfe83aa11e0d81e616c328002a9d50020ebb3af6e4f5337a785c1fe
  languageName: node
  linkType: hard

"@emotion/memoize@npm:^0.8.1":
  version: 0.8.1
  resolution: "@emotion/memoize@npm:0.8.1"
  checksum: a19cc01a29fcc97514948eaab4dc34d8272e934466ed87c07f157887406bc318000c69ae6f813a9001c6a225364df04249842a50e692ef7a9873335fbcc141b0
  languageName: node
  linkType: hard

"@emotion/sheet@npm:^1.2.2":
  version: 1.2.2
  resolution: "@emotion/sheet@npm:1.2.2"
  checksum: cc46b20ef7273dc28de889927ae1498f854be2890905745fcc3154fbbacaa54df1e28c3d89ff3339c2022782c78933f51955bb950d105d5a219576db1eadfb7a
  languageName: node
  linkType: hard

"@emotion/utils@npm:^1.2.1":
  version: 1.2.1
  resolution: "@emotion/utils@npm:1.2.1"
  checksum: 472fa529c64a13edff80aa11698092e8841c1ffb5001c739d84eb9d0fdd6d8e1cd1848669310578ccfa6383b8601132eca54f8749fca40af85d21fdfc9b776c4
  languageName: node
  linkType: hard

"@emotion/weak-memoize@npm:^0.3.1":
  version: 0.3.1
  resolution: "@emotion/weak-memoize@npm:0.3.1"
  checksum: b2be47caa24a8122622ea18cd2d650dbb4f8ad37b636dc41ed420c2e082f7f1e564ecdea68122b546df7f305b159bf5ab9ffee872abd0f052e687428459af594
  languageName: node
  linkType: hard

"@esbuild/android-arm64@npm:0.19.6":
  version: 0.19.6
  resolution: "@esbuild/android-arm64@npm:0.19.6"
  conditions: os=android & cpu=arm64
  languageName: node
  linkType: hard

"@esbuild/android-arm@npm:0.19.6":
  version: 0.19.6
  resolution: "@esbuild/android-arm@npm:0.19.6"
  conditions: os=android & cpu=arm
  languageName: node
  linkType: hard

"@esbuild/android-x64@npm:0.19.6":
  version: 0.19.6
  resolution: "@esbuild/android-x64@npm:0.19.6"
  conditions: os=android & cpu=x64
  languageName: node
  linkType: hard

"@esbuild/darwin-arm64@npm:0.19.6":
  version: 0.19.6
  resolution: "@esbuild/darwin-arm64@npm:0.19.6"
  conditions: os=darwin & cpu=arm64
  languageName: node
  linkType: hard

"@esbuild/darwin-x64@npm:0.19.6":
  version: 0.19.6
  resolution: "@esbuild/darwin-x64@npm:0.19.6"
  conditions: os=darwin & cpu=x64
  languageName: node
  linkType: hard

"@esbuild/freebsd-arm64@npm:0.19.6":
  version: 0.19.6
  resolution: "@esbuild/freebsd-arm64@npm:0.19.6"
  conditions: os=freebsd & cpu=arm64
  languageName: node
  linkType: hard

"@esbuild/freebsd-x64@npm:0.19.6":
  version: 0.19.6
  resolution: "@esbuild/freebsd-x64@npm:0.19.6"
  conditions: os=freebsd & cpu=x64
  languageName: node
  linkType: hard

"@esbuild/linux-arm64@npm:0.19.6":
  version: 0.19.6
  resolution: "@esbuild/linux-arm64@npm:0.19.6"
  conditions: os=linux & cpu=arm64
  languageName: node
  linkType: hard

"@esbuild/linux-arm@npm:0.19.6":
  version: 0.19.6
  resolution: "@esbuild/linux-arm@npm:0.19.6"
  conditions: os=linux & cpu=arm
  languageName: node
  linkType: hard

"@esbuild/linux-ia32@npm:0.19.6":
  version: 0.19.6
  resolution: "@esbuild/linux-ia32@npm:0.19.6"
  conditions: os=linux & cpu=ia32
  languageName: node
  linkType: hard

"@esbuild/linux-loong64@npm:0.19.6":
  version: 0.19.6
  resolution: "@esbuild/linux-loong64@npm:0.19.6"
  conditions: os=linux & cpu=loong64
  languageName: node
  linkType: hard

"@esbuild/linux-mips64el@npm:0.19.6":
  version: 0.19.6
  resolution: "@esbuild/linux-mips64el@npm:0.19.6"
  conditions: os=linux & cpu=mips64el
  languageName: node
  linkType: hard

"@esbuild/linux-ppc64@npm:0.19.6":
  version: 0.19.6
  resolution: "@esbuild/linux-ppc64@npm:0.19.6"
  conditions: os=linux & cpu=ppc64
  languageName: node
  linkType: hard

"@esbuild/linux-riscv64@npm:0.19.6":
  version: 0.19.6
  resolution: "@esbuild/linux-riscv64@npm:0.19.6"
  conditions: os=linux & cpu=riscv64
  languageName: node
  linkType: hard

"@esbuild/linux-s390x@npm:0.19.6":
  version: 0.19.6
  resolution: "@esbuild/linux-s390x@npm:0.19.6"
  conditions: os=linux & cpu=s390x
  languageName: node
  linkType: hard

"@esbuild/linux-x64@npm:0.19.6":
  version: 0.19.6
  resolution: "@esbuild/linux-x64@npm:0.19.6"
  conditions: os=linux & cpu=x64
  languageName: node
  linkType: hard

"@esbuild/netbsd-x64@npm:0.19.6":
  version: 0.19.6
  resolution: "@esbuild/netbsd-x64@npm:0.19.6"
  conditions: os=netbsd & cpu=x64
  languageName: node
  linkType: hard

"@esbuild/openbsd-x64@npm:0.19.6":
  version: 0.19.6
  resolution: "@esbuild/openbsd-x64@npm:0.19.6"
  conditions: os=openbsd & cpu=x64
  languageName: node
  linkType: hard

"@esbuild/sunos-x64@npm:0.19.6":
  version: 0.19.6
  resolution: "@esbuild/sunos-x64@npm:0.19.6"
  conditions: os=sunos & cpu=x64
  languageName: node
  linkType: hard

"@esbuild/win32-arm64@npm:0.19.6":
  version: 0.19.6
  resolution: "@esbuild/win32-arm64@npm:0.19.6"
  conditions: os=win32 & cpu=arm64
  languageName: node
  linkType: hard

"@esbuild/win32-ia32@npm:0.19.6":
  version: 0.19.6
  resolution: "@esbuild/win32-ia32@npm:0.19.6"
  conditions: os=win32 & cpu=ia32
  languageName: node
  linkType: hard

"@esbuild/win32-x64@npm:0.19.6":
  version: 0.19.6
  resolution: "@esbuild/win32-x64@npm:0.19.6"
  conditions: os=win32 & cpu=x64
  languageName: node
  linkType: hard

"@floating-ui/core@npm:^1.4.2":
  version: 1.5.0
  resolution: "@floating-ui/core@npm:1.5.0"
  dependencies:
    "@floating-ui/utils": "npm:^0.1.3"
  checksum: 3182715a30493f44a32158f4d77ab5b6c212064b160cb84b5b8405ec2845bd8a9167c25292709e841cad9e70c6b9efdc30f876044e3b0909139fea8eca00c631
  languageName: node
  linkType: hard

"@floating-ui/dom@npm:^1.5.1":
  version: 1.5.3
  resolution: "@floating-ui/dom@npm:1.5.3"
  dependencies:
    "@floating-ui/core": "npm:^1.4.2"
    "@floating-ui/utils": "npm:^0.1.3"
  checksum: d2d5ae7a0949c0ebf7fbf97a21612bf94dbd29cb6c847e00588b8e2a5575ade27c47cb19f5d230fc21a571d99aa0c714b301c9221d33921047408c0ed9d91a30
  languageName: node
  linkType: hard

"@floating-ui/react-dom@npm:^2.0.4":
  version: 2.0.4
  resolution: "@floating-ui/react-dom@npm:2.0.4"
  dependencies:
    "@floating-ui/dom": "npm:^1.5.1"
  peerDependencies:
    react: ">=16.8.0"
    react-dom: ">=16.8.0"
  checksum: 4240a718502c797fd2e174cd06dcd7321a6eda9c8966dbaf61864b9e16445e95649a59bfe7c19ee13f68c11f3693724d7970c7e618089a3d3915bd343639cfae
  languageName: node
  linkType: hard

"@floating-ui/utils@npm:^0.1.3":
  version: 0.1.6
  resolution: "@floating-ui/utils@npm:0.1.6"
  checksum: 450ec4ecc1dd8161b1904d4e1e9d95e653cc06f79af6c3b538b79efb10541d90bcc88646ab3cdffc5b92e00c4804ca727b025d153ad285f42dbbb39aec219ec9
  languageName: node
  linkType: hard

"@mui/base@npm:5.0.0-beta.24":
  version: 5.0.0-beta.24
  resolution: "@mui/base@npm:5.0.0-beta.24"
  dependencies:
    "@babel/runtime": "npm:^7.23.2"
    "@floating-ui/react-dom": "npm:^2.0.4"
    "@mui/types": "npm:^7.2.9"
    "@mui/utils": "npm:^5.14.18"
    "@popperjs/core": "npm:^2.11.8"
    clsx: "npm:^2.0.0"
    prop-types: "npm:^15.8.1"
  peerDependencies:
    "@types/react": ^17.0.0 || ^18.0.0
    react: ^17.0.0 || ^18.0.0
    react-dom: ^17.0.0 || ^18.0.0
  peerDependenciesMeta:
    "@types/react":
      optional: true
  checksum: 65d8a428d7e863885d5d5d6513ffa64982ebd7bd3a809b3024f669b907796c94a5d19ebac42ef383277acaccf30af3158c91f65c69fb0e7b2ddab925fc3293dd
  languageName: node
  linkType: hard

"@mui/core-downloads-tracker@npm:^5.14.18":
  version: 5.14.18
  resolution: "@mui/core-downloads-tracker@npm:5.14.18"
  checksum: 3d367797282e4b93eacee997667d62bc4eeac979e9664724e9db8d632278d8629f2a141894cf53d706f1d2a9f19965bffe2858aa2bc9833722e674cd560b896e
  languageName: node
  linkType: hard

"@mui/icons-material@npm:^5.14.18":
  version: 5.14.18
  resolution: "@mui/icons-material@npm:5.14.18"
  dependencies:
    "@babel/runtime": "npm:^7.23.2"
  peerDependencies:
    "@mui/material": ^5.0.0
    "@types/react": ^17.0.0 || ^18.0.0
    react: ^17.0.0 || ^18.0.0
  peerDependenciesMeta:
    "@types/react":
      optional: true
  checksum: 20da1445f033edf017d7d447c74fb27e90d4a9f3a631f617252a4806b69364792e01aa7010939c90e37d8ce7adf4218ec27066bd8ec0db40295f64365fd18a5e
  languageName: node
  linkType: hard

"@mui/material@npm:^5.14.18":
  version: 5.14.18
  resolution: "@mui/material@npm:5.14.18"
  dependencies:
    "@babel/runtime": "npm:^7.23.2"
    "@mui/base": "npm:5.0.0-beta.24"
    "@mui/core-downloads-tracker": "npm:^5.14.18"
    "@mui/system": "npm:^5.14.18"
    "@mui/types": "npm:^7.2.9"
    "@mui/utils": "npm:^5.14.18"
    "@types/react-transition-group": "npm:^4.4.8"
    clsx: "npm:^2.0.0"
    csstype: "npm:^3.1.2"
    prop-types: "npm:^15.8.1"
    react-is: "npm:^18.2.0"
    react-transition-group: "npm:^4.4.5"
  peerDependencies:
    "@emotion/react": ^11.5.0
    "@emotion/styled": ^11.3.0
    "@types/react": ^17.0.0 || ^18.0.0
    react: ^17.0.0 || ^18.0.0
    react-dom: ^17.0.0 || ^18.0.0
  peerDependenciesMeta:
    "@emotion/react":
      optional: true
    "@emotion/styled":
      optional: true
    "@types/react":
      optional: true
  checksum: 50c5ddbd8e6e39aa4cf904ea7061a1c9d91d906baa7b7626f3db22338872972bac8d176002e613f79e9171969e898ca268c024a143bc120f05e750035b25a8cb
  languageName: node
  linkType: hard

"@mui/private-theming@npm:^5.14.18":
  version: 5.14.18
  resolution: "@mui/private-theming@npm:5.14.18"
  dependencies:
    "@babel/runtime": "npm:^7.23.2"
    "@mui/utils": "npm:^5.14.18"
    prop-types: "npm:^15.8.1"
  peerDependencies:
    "@types/react": ^17.0.0 || ^18.0.0
    react: ^17.0.0 || ^18.0.0
  peerDependenciesMeta:
    "@types/react":
      optional: true
  checksum: cb2ae253c7aba571ae838b5c886f74cde0e4b3df49ed1d776ee355e87fc28efe6a23367d713ac6979378049aa67d3bffb65cba421818a11b65d4518742a8711b
  languageName: node
  linkType: hard

"@mui/styled-engine@npm:^5.14.18":
  version: 5.14.18
  resolution: "@mui/styled-engine@npm:5.14.18"
  dependencies:
    "@babel/runtime": "npm:^7.23.2"
    "@emotion/cache": "npm:^11.11.0"
    csstype: "npm:^3.1.2"
    prop-types: "npm:^15.8.1"
  peerDependencies:
    "@emotion/react": ^11.4.1
    "@emotion/styled": ^11.3.0
    react: ^17.0.0 || ^18.0.0
  peerDependenciesMeta:
    "@emotion/react":
      optional: true
    "@emotion/styled":
      optional: true
  checksum: 305128a623339cf0bb563cebb822363c19d9337221e7894c00130680e5b7a818c81a6df1d1f036a97641ce0f1bc336a0328ce3e2787d2dee1ff73bf0718aca63
  languageName: node
  linkType: hard

"@mui/system@npm:^5.14.18":
  version: 5.14.18
  resolution: "@mui/system@npm:5.14.18"
  dependencies:
    "@babel/runtime": "npm:^7.23.2"
    "@mui/private-theming": "npm:^5.14.18"
    "@mui/styled-engine": "npm:^5.14.18"
    "@mui/types": "npm:^7.2.9"
    "@mui/utils": "npm:^5.14.18"
    clsx: "npm:^2.0.0"
    csstype: "npm:^3.1.2"
    prop-types: "npm:^15.8.1"
  peerDependencies:
    "@emotion/react": ^11.5.0
    "@emotion/styled": ^11.3.0
    "@types/react": ^17.0.0 || ^18.0.0
    react: ^17.0.0 || ^18.0.0
  peerDependenciesMeta:
    "@emotion/react":
      optional: true
    "@emotion/styled":
      optional: true
    "@types/react":
      optional: true
  checksum: 4e9a47342fc928506272a2b68d9f2592bbbc5a9f88176ee03b6050066f18f7d2df11355796d7ee5ef556d12779fe9e4d20520d0a0f1e24e2696193e4c13ce580
  languageName: node
  linkType: hard

"@mui/types@npm:^7.2.9":
  version: 7.2.9
  resolution: "@mui/types@npm:7.2.9"
  peerDependencies:
    "@types/react": ^17.0.0 || ^18.0.0
  peerDependenciesMeta:
    "@types/react":
      optional: true
  checksum: f8a21c5a375373e03b9e7ef0c081fbcbfffb8e743955280d360ac37990448a587ac101b82e35539102ea46c994d23475c80be236b36deaabf38acc5e48c2bdef
  languageName: node
  linkType: hard

"@mui/utils@npm:^5.14.18":
  version: 5.14.18
  resolution: "@mui/utils@npm:5.14.18"
  dependencies:
    "@babel/runtime": "npm:^7.23.2"
    "@types/prop-types": "npm:^15.7.10"
    prop-types: "npm:^15.8.1"
    react-is: "npm:^18.2.0"
  peerDependencies:
    "@types/react": ^17.0.0 || ^18.0.0
    react: ^17.0.0 || ^18.0.0
  peerDependenciesMeta:
    "@types/react":
      optional: true
  checksum: abc699aab138a5650f7ba5f4c87511802bc35b8307331a9024d2d1769520a63ccccf952097ab8943104d6304107836cba580a7acbcc0138c263f77f97b1b3dd0
  languageName: node
  linkType: hard

"@popperjs/core@npm:^2.11.8":
  version: 2.11.8
  resolution: "@popperjs/core@npm:2.11.8"
  checksum: ddd16090cde777aaf102940f05d0274602079a95ad9805bd20bc55dcc7c3a2ba1b99dd5c73e5cc2753c3d31250ca52a67d58059459d7d27debb983a9f552936c
  languageName: node
  linkType: hard

"@types/prop-types@npm:*, @types/prop-types@npm:^15.7.10":
  version: 15.7.10
  resolution: "@types/prop-types@npm:15.7.10"
  checksum: 39ecc2d9e439ed16b32937a08d98b84ed4a70f53bcd52c8564c0cd7a36fe1004ca83a1fb94b13c1b7a5c048760f06445c3c6a91a6972c8eff652c0b50c9424b1
  languageName: node
  linkType: hard

"@types/react-transition-group@npm:^4.4.8":
  version: 4.4.9
  resolution: "@types/react-transition-group@npm:4.4.9"
  dependencies:
    "@types/react": "npm:*"
  checksum: 74ed0985380544bd1d63d8865a452a859ed7122b35dd2cf919fa7d1f31936345671995d36c89263456f27dbb5940eac8d4607be969e27187102eecff1cc64ba3
  languageName: node
  linkType: hard

"@types/react@npm:*, @types/react@npm:^18.2.37":
  version: 18.2.37
  resolution: "@types/react@npm:18.2.37"
  dependencies:
    "@types/prop-types": "npm:*"
    "@types/scheduler": "npm:*"
    csstype: "npm:^3.0.2"
  checksum: fab3a5960e710aad6c16ffe57f48a470c6bbbe9e6363f70accf114191ea3192a204e33b5657324f14e64b2095986327db6b728fc15156e05f7d30b6dca0d66a3
  languageName: node
  linkType: hard

"@types/scheduler@npm:*":
  version: 0.16.6
  resolution: "@types/scheduler@npm:0.16.6"
  checksum: 4cec89727584a50c66a07c322469a4d9e64f5b0117691f36afd4ceae75741c0038a6e107c05e515511d5358b5897becbe065b6e4560664cb1b16f6754915043d
  languageName: node
  linkType: hard

"clsx@npm:^2.0.0":
  version: 2.0.0
  resolution: "clsx@npm:2.0.0"
  checksum: 943766d1b02fee3538c871e56638d87f973fbc2d6291ce221215ea436fdecb9be97ad323f411839c2d52c45640c449b1a53fbfe7e8b3d529b4e263308b630c9a
  languageName: node
  linkType: hard

"csstype@npm:^3.0.2, csstype@npm:^3.1.2":
  version: 3.1.2
  resolution: "csstype@npm:3.1.2"
  checksum: 1f39c541e9acd9562996d88bc9fb62d1cb234786ef11ed275567d4b2bd82e1ceacde25debc8de3d3b4871ae02c2933fa02614004c97190711caebad6347debc2
  languageName: node
  linkType: hard

"dom-helpers@npm:^5.0.1":
  version: 5.2.1
  resolution: "dom-helpers@npm:5.2.1"
  dependencies:
    "@babel/runtime": "npm:^7.8.7"
    csstype: "npm:^3.0.2"
  checksum: bed2341adf8864bf932b3289c24f35fdd99930af77df46688abf2d753ff291df49a15850c874d686d9be6ec4e1c6835673906e64dbd8b2839d227f117a11fd41
  languageName: node
  linkType: hard

"esbuild@npm:^0.19.6":
  version: 0.19.6
  resolution: "esbuild@npm:0.19.6"
  dependencies:
    "@esbuild/android-arm": "npm:0.19.6"
    "@esbuild/android-arm64": "npm:0.19.6"
    "@esbuild/android-x64": "npm:0.19.6"
    "@esbuild/darwin-arm64": "npm:0.19.6"
    "@esbuild/darwin-x64": "npm:0.19.6"
    "@esbuild/freebsd-arm64": "npm:0.19.6"
    "@esbuild/freebsd-x64": "npm:0.19.6"
    "@esbuild/linux-arm": "npm:0.19.6"
    "@esbuild/linux-arm64": "npm:0.19.6"
    "@esbuild/linux-ia32": "npm:0.19.6"
    "@esbuild/linux-loong64": "npm:0.19.6"
    "@esbuild/linux-mips64el": "npm:0.19.6"
    "@esbuild/linux-ppc64": "npm:0.19.6"
    "@esbuild/linux-riscv64": "npm:0.19.6"
    "@esbuild/linux-s390x": "npm:0.19.6"
    "@esbuild/linux-x64": "npm:0.19.6"
    "@esbuild/netbsd-x64": "npm:0.19.6"
    "@esbuild/openbsd-x64": "npm:0.19.6"
    "@esbuild/sunos-x64": "npm:0.19.6"
    "@esbuild/win32-arm64": "npm:0.19.6"
    "@esbuild/win32-ia32": "npm:0.19.6"
    "@esbuild/win32-x64": "npm:0.19.6"
  dependenciesMeta:
    "@esbuild/android-arm":
      optional: true
    "@esbuild/android-arm64":
      optional: true
    "@esbuild/android-x64":
      optional: true
    "@esbuild/darwin-arm64":
      optional: true
    "@esbuild/darwin-x64":
      optional: true
    "@esbuild/freebsd-arm64":
      optional: true
    "@esbuild/freebsd-x64":
      optional: true
    "@esbuild/linux-arm":
      optional: true
    "@esbuild/linux-arm64":
      optional: true
    "@esbuild/linux-ia32":
      optional: true
    "@esbuild/linux-loong64":
      optional: true
    "@esbuild/linux-mips64el":
      optional: true
    "@esbuild/linux-ppc64":
      optional: true
    "@esbuild/linux-riscv64":
      optional: true
    "@esbuild/linux-s390x":
      optional: true
    "@esbuild/linux-x64":
      optional: true
    "@esbuild/netbsd-x64":
      optional: true
    "@esbuild/openbsd-x64":
      optional: true
    "@esbuild/sunos-x64":
      optional: true
    "@esbuild/win32-arm64":
      optional: true
    "@esbuild/win32-ia32":
      optional: true
    "@esbuild/win32-x64":
      optional: true
  bin:
    esbuild: bin/esbuild
  checksum: 4f9436af2c2a8625cc2f8dbf34cc14c79617f6e42f107f2cc53e3503e8b43ac34afb8d7d9e02d7eb690835e8f93af42261c5437e4f54ab3737b1e5b9794ca104
  languageName: node
  linkType: hard

"js-tokens@npm:^3.0.0 || ^4.0.0":
  version: 4.0.0
  resolution: "js-tokens@npm:4.0.0"
  checksum: af37d0d913fb56aec6dc0074c163cc71cd23c0b8aad5c2350747b6721d37ba118af35abdd8b33c47ec2800de07dedb16a527ca9c530ee004093e04958bd0cbf2
  languageName: node
  linkType: hard

"loose-envify@npm:^1.1.0, loose-envify@npm:^1.4.0":
  version: 1.4.0
  resolution: "loose-envify@npm:1.4.0"
  dependencies:
    js-tokens: "npm:^3.0.0 || ^4.0.0"
  bin:
    loose-envify: cli.js
  checksum: 6517e24e0cad87ec9888f500c5b5947032cdfe6ef65e1c1936a0c48a524b81e65542c9c3edc91c97d5bddc806ee2a985dbc79be89215d613b1de5db6d1cfe6f4
  languageName: node
  linkType: hard

"object-assign@npm:^4.1.1":
  version: 4.1.1
  resolution: "object-assign@npm:4.1.1"
  checksum: fcc6e4ea8c7fe48abfbb552578b1c53e0d194086e2e6bbbf59e0a536381a292f39943c6e9628af05b5528aa5e3318bb30d6b2e53cadaf5b8fe9e12c4b69af23f
  languageName: node
  linkType: hard

"prop-types@npm:^15.6.2, prop-types@npm:^15.8.1":
  version: 15.8.1
  resolution: "prop-types@npm:15.8.1"
  dependencies:
    loose-envify: "npm:^1.4.0"
    object-assign: "npm:^4.1.1"
    react-is: "npm:^16.13.1"
  checksum: 7d959caec002bc964c86cdc461ec93108b27337dabe6192fb97d69e16a0c799a03462713868b40749bfc1caf5f57ef80ac3e4ffad3effa636ee667582a75e2c0
  languageName: node
  linkType: hard

"react-is@npm:^16.13.1":
  version: 16.13.1
  resolution: "react-is@npm:16.13.1"
  checksum: 5aa564a1cde7d391ac980bedee21202fc90bdea3b399952117f54fb71a932af1e5902020144fb354b4690b2414a0c7aafe798eb617b76a3d441d956db7726fdf
  languageName: node
  linkType: hard

"react-is@npm:^18.2.0":
  version: 18.2.0
  resolution: "react-is@npm:18.2.0"
  checksum: 200cd65bf2e0be7ba6055f647091b725a45dd2a6abef03bf2380ce701fd5edccee40b49b9d15edab7ac08a762bf83cb4081e31ec2673a5bfb549a36ba21570df
  languageName: node
  linkType: hard

"react-transition-group@npm:^4.4.5":
  version: 4.4.5
  resolution: "react-transition-group@npm:4.4.5"
  dependencies:
    "@babel/runtime": "npm:^7.5.5"
    dom-helpers: "npm:^5.0.1"
    loose-envify: "npm:^1.4.0"
    prop-types: "npm:^15.6.2"
  peerDependencies:
    react: ">=16.6.0"
    react-dom: ">=16.6.0"
  checksum: ca32d3fd2168c976c5d90a317f25d5f5cd723608b415fb3b9006f9d793c8965c619562d0884503a3e44e4b06efbca4fdd1520f30e58ca3e00a0890e637d55419
  languageName: node
  linkType: hard

"react@npm:^18.2.0":
  version: 18.2.0
  resolution: "react@npm:18.2.0"
  dependencies:
    loose-envify: "npm:^1.1.0"
  checksum: b9214a9bd79e99d08de55f8bef2b7fc8c39630be97c4e29d7be173d14a9a10670b5325e94485f74cd8bff4966ef3c78ee53c79a7b0b9b70cba20aa8973acc694
  languageName: node
  linkType: hard

"regenerator-runtime@npm:^0.14.0":
  version: 0.14.0
  resolution: "regenerator-runtime@npm:0.14.0"
  checksum: 6c19495baefcf5fbb18a281b56a97f0197b5f219f42e571e80877f095320afac0bdb31dab8f8186858e6126950068c3f17a1226437881e3e70446ea66751897c
  languageName: node
  linkType: hard

"speedupdate@workspace:.":
  version: 0.0.0-use.local
  resolution: "speedupdate@workspace:."
  dependencies:
    "@mui/icons-material": "npm:^5.14.18"
    "@mui/material": "npm:^5.14.18"
    "@types/react": "npm:^18.2.37"
    esbuild: "npm:^0.19.6"
    react: "npm:^18.2.0"
    typescript: "npm:^5.2.2"
  languageName: unknown
  linkType: soft

"stylis@npm:4.2.0":
  version: 4.2.0
  resolution: "stylis@npm:4.2.0"
  checksum: 58359185275ef1f39c339ae94e598168aa6bb789f6cf0d52e726c1e7087a94e9c17f0385a28d34483dec1ffc2c75670ec714dc5603d99c3124ec83bc2b0a0f42
  languageName: node
  linkType: hard

"typescript@npm:^5.2.2":
  version: 5.2.2
  resolution: "typescript@npm:5.2.2"
  bin:
    tsc: bin/tsc
    tsserver: bin/tsserver
  checksum: d65e50eb849bd21ff8677e5b9447f9c6e74777e346afd67754934264dcbf4bd59e7d2473f6062d9a015d66bd573311166357e3eb07fea0b52859cf9bb2b58555
  languageName: node
  linkType: hard

"typescript@patch:typescript@npm%3A^5.2.2#optional!builtin<compat/typescript>":
  version: 5.2.2
  resolution: "typescript@patch:typescript@npm%3A5.2.2#optional!builtin<compat/typescript>::version=5.2.2&hash=f3b441"
  bin:
    tsc: bin/tsc
    tsserver: bin/tsserver
  checksum: f79cc2ba802c94c2b78dbb00d767a10adb67368ae764709737dc277273ec148aa4558033a03ce901406b35fddf4eac46dabc94a1e1d12d2587e2b9cfe5707b4a
  languageName: node
  linkType: hard
